// !$*UTF8*$!
{
	archiveVersion = 1;
	classes = {
	};
	objectVersion = 45;
	objects = {

/* Begin PBXBuildFile section */
		7201184A232758ED004C2532 /* font_apple.m in Sources */ = {isa = PBXBuildFile; fileRef = 72011849232758ED004C2532 /* font_apple.m */; };
		721A007121AA7B420099D093 /* renderer_metal.m in Sources */ = {isa = PBXBuildFile; fileRef = 721A007021AA7B420099D093 /* renderer_metal.m */; };
		721A007721AB11CD0099D093 /* shaders.metal in Sources */ = {isa = PBXBuildFile; fileRef = 721A007621AB11CC0099D093 /* shaders.metal */; };
		7272B29E21E5CBEB00C305D3 /* renderer_projection.c in Sources */ = {isa = PBXBuildFile; fileRef = 7272B29D21E5CBEB00C305D3 /* renderer_projection.c */; };
		727DAE23235BFFBB0030B29D /* mt_random.c in Sources */ = {isa = PBXBuildFile; fileRef = 727DAE22235BFFBB0030B29D /* mt_random.c */; };
		727DAE2A235C1F660030B29D /* time_apple.m in Sources */ = {isa = PBXBuildFile; fileRef = 727DAE27235C1F650030B29D /* time_apple.m */; };
		727DAE4E235D284F0030B29D /* texture_apple.m in Sources */ = {isa = PBXBuildFile; fileRef = 727DAE4D235D284F0030B29D /* texture_apple.m */; };
		727DAE51235D5C570030B29D /* thread_posix.c in Sources */ = {isa = PBXBuildFile; fileRef = 727DAE50235D5C570030B29D /* thread_posix.c */; };
		72817B70238ED9D200DB7677 /* window_osx.m in Sources */ = {isa = PBXBuildFile; fileRef = 72817B6F238ED9D200DB7677 /* window_osx.m */; };
		72817BCB2390C11D00DB7677 /* keyboard_osx.m in Sources */ = {isa = PBXBuildFile; fileRef = 72817BCA2390C11D00DB7677 /* keyboard_osx.m */; };
		72817BD22392B6FA00DB7677 /* app_osx.m in Sources */ = {isa = PBXBuildFile; fileRef = 72817BD12392B6FA00DB7677 /* app_osx.m */; };
		72817BD42392C33900DB7677 /* quit_apple.m in Sources */ = {isa = PBXBuildFile; fileRef = 72817BD32392C33800DB7677 /* quit_apple.m */; };
		72817BD82392F98300DB7677 /* MainMenu.xib in Resources */ = {isa = PBXBuildFile; fileRef = 72817BD72392F98300DB7677 /* MainMenu.xib */; };
		72817C6E23934C4100DB7677 /* Assets.xcassets in Resources */ = {isa = PBXBuildFile; fileRef = 72817C6D23934C4100DB7677 /* Assets.xcassets */; };
		72817C7123934C4100DB7677 /* LaunchScreen.storyboard in Resources */ = {isa = PBXBuildFile; fileRef = 72817C6F23934C4100DB7677 /* LaunchScreen.storyboard */; };
		72817C7923934DB500DB7677 /* audio_apple.m in Sources */ = {isa = PBXBuildFile; fileRef = 7282C624231CEC640063D3CB /* audio_apple.m */; };
		72817C8A23934E7300DB7677 /* characters.c in Sources */ = {isa = PBXBuildFile; fileRef = 72817C8923934E7300DB7677 /* characters.c */; };
		72817C8D23934F1900DB7677 /* time_apple.m in Sources */ = {isa = PBXBuildFile; fileRef = 727DAE27235C1F650030B29D /* time_apple.m */; };
		72817C8E23934F2400DB7677 /* font_apple.m in Sources */ = {isa = PBXBuildFile; fileRef = 72011849232758ED004C2532 /* font_apple.m */; };
		72817C9023934F5B00DB7677 /* defaults_apple.m in Sources */ = {isa = PBXBuildFile; fileRef = 770FFA0710B8F465009FD46A /* defaults_apple.m */; };
		72817C922393675900DB7677 /* window_ios.m in Sources */ = {isa = PBXBuildFile; fileRef = 72817C912393675900DB7677 /* window_ios.m */; };
		72817C93239369D100DB7677 /* renderer.c in Sources */ = {isa = PBXBuildFile; fileRef = 72A14F2F21A71C6700606E14 /* renderer.c */; };
		72817C94239369D100DB7677 /* renderer_metal.m in Sources */ = {isa = PBXBuildFile; fileRef = 721A007021AA7B420099D093 /* renderer_metal.m */; };
		72817C95239369D100DB7677 /* renderer_projection.c in Sources */ = {isa = PBXBuildFile; fileRef = 7272B29D21E5CBEB00C305D3 /* renderer_projection.c */; };
		72817C9623937FD000DB7677 /* thread_posix.c in Sources */ = {isa = PBXBuildFile; fileRef = 727DAE50235D5C570030B29D /* thread_posix.c */; };
		72817C9723937FEA00DB7677 /* shaders.metal in Sources */ = {isa = PBXBuildFile; fileRef = 721A007621AB11CC0099D093 /* shaders.metal */; };
		72817C9823937FF600DB7677 /* Data in Resources */ = {isa = PBXBuildFile; fileRef = 77C7A2630CFA8C6500295420 /* Data */; };
		72817C992393802000DB7677 /* mt_random.c in Sources */ = {isa = PBXBuildFile; fileRef = 727DAE22235BFFBB0030B29D /* mt_random.c */; };
		72817C9A2393803900DB7677 /* texture_apple.m in Sources */ = {isa = PBXBuildFile; fileRef = 727DAE4D235D284F0030B29D /* texture_apple.m */; };
		72817C9B2393805B00DB7677 /* text.c in Sources */ = {isa = PBXBuildFile; fileRef = 776592630BA35B4300167AF7 /* text.c */; };
		72817C9D2393808B00DB7677 /* gamepad_gccontroller.m in Sources */ = {isa = PBXBuildFile; fileRef = 72817C9C2393808B00DB7677 /* gamepad_gccontroller.m */; };
		72817CA12393827700DB7677 /* app_ios.m in Sources */ = {isa = PBXBuildFile; fileRef = 72817CA02393827700DB7677 /* app_ios.m */; };
		72817CA2239385DC00DB7677 /* main.c in Sources */ = {isa = PBXBuildFile; fileRef = 774A441E0B2BEA57000C04D9 /* main.c */; };
		72817CA4239385E800DB7677 /* scenery.c in Sources */ = {isa = PBXBuildFile; fileRef = 774A445F0B2BEB46000C04D9 /* scenery.c */; };
		72817CA5239385ED00DB7677 /* characters.c in Sources */ = {isa = PBXBuildFile; fileRef = 72817C8923934E7300DB7677 /* characters.c */; };
		72817CA6239385F300DB7677 /* weapon.c in Sources */ = {isa = PBXBuildFile; fileRef = 7781DBC20B7E8E9B003BD7B6 /* weapon.c */; };
		72817CA7239385F800DB7677 /* collision.c in Sources */ = {isa = PBXBuildFile; fileRef = 7744BFA00B33736900BD1D5D /* collision.c */; };
		72817CA8239385FC00DB7677 /* input.c in Sources */ = {isa = PBXBuildFile; fileRef = 776E48CC0B2E53E100AA3B6F /* input.c */; };
		72817CA92393860100DB7677 /* animation.c in Sources */ = {isa = PBXBuildFile; fileRef = 774686A00B750F7200F73E92 /* animation.c */; };
		72817CAA2393860600DB7677 /* ai.c in Sources */ = {isa = PBXBuildFile; fileRef = 778FA7900D0656FA002A3C26 /* ai.c */; };
		72817CAB2393860E00DB7677 /* network.c in Sources */ = {isa = PBXBuildFile; fileRef = 772B6A840D15CBA000A216BD /* network.c */; };
		72817CAE2393D45E00DB7677 /* sc_icon.icns in Resources */ = {isa = PBXBuildFile; fileRef = 771B6C9F10BE60320014884B /* sc_icon.icns */; };
		72817CB123946C0000DB7677 /* quit_apple.m in Sources */ = {isa = PBXBuildFile; fileRef = 72817BD32392C33800DB7677 /* quit_apple.m */; };
		7282C625231CEC640063D3CB /* audio_apple.m in Sources */ = {isa = PBXBuildFile; fileRef = 7282C624231CEC640063D3CB /* audio_apple.m */; };
		729BE4C1236667EE00DC70F7 /* gamepad_osx.m in Sources */ = {isa = PBXBuildFile; fileRef = 729BE4C0236667EE00DC70F7 /* gamepad_osx.m */; };
		72A14F3121A71C6900606E14 /* renderer.c in Sources */ = {isa = PBXBuildFile; fileRef = 72A14F2F21A71C6700606E14 /* renderer.c */; };
		72A5D135239C1725004C12D6 /* menus_ios.m in Sources */ = {isa = PBXBuildFile; fileRef = 72A5D134239C1725004C12D6 /* menus_ios.m */; };
		72A5D138239C1F21004C12D6 /* Foundation.framework in Frameworks */ = {isa = PBXBuildFile; fileRef = 72A5D137239C1F21004C12D6 /* Foundation.framework */; };
		72A5D13B239C1F8D004C12D6 /* AppKit.framework in Frameworks */ = {isa = PBXBuildFile; fileRef = 72A5D13A239C1F8D004C12D6 /* AppKit.framework */; };
		72BE1BF2225708E000E3192A /* container-migration.plist in Resources */ = {isa = PBXBuildFile; fileRef = 72BE1BF1225708E000E3192A /* container-migration.plist */; };
		72EBBB92239A1C9300DD4470 /* CoreServices.framework in Frameworks */ = {isa = PBXBuildFile; fileRef = 72EBBB91239A1C9300DD4470 /* CoreServices.framework */; };
		72EBBB94239A1C9C00DD4470 /* Carbon.framework in Frameworks */ = {isa = PBXBuildFile; fileRef = 72EBBB93239A1C9C00DD4470 /* Carbon.framework */; };
		72EBBB96239A1CA200DD4470 /* IOKit.framework in Frameworks */ = {isa = PBXBuildFile; fileRef = 72EBBB95239A1CA200DD4470 /* IOKit.framework */; };
		72EBBB98239A1CA800DD4470 /* ImageIO.framework in Frameworks */ = {isa = PBXBuildFile; fileRef = 72EBBB97239A1CA800DD4470 /* ImageIO.framework */; };
		72EBBB9A239A1CAE00DD4470 /* CoreGraphics.framework in Frameworks */ = {isa = PBXBuildFile; fileRef = 72EBBB99239A1CAE00DD4470 /* CoreGraphics.framework */; };
		72EBBB9C239A1CB400DD4470 /* CoreText.framework in Frameworks */ = {isa = PBXBuildFile; fileRef = 72EBBB9B239A1CB400DD4470 /* CoreText.framework */; };
		72EBBB9E239A1CBC00DD4470 /* AVFoundation.framework in Frameworks */ = {isa = PBXBuildFile; fileRef = 72EBBB9D239A1CBC00DD4470 /* AVFoundation.framework */; };
		72EBBBA0239A1CC400DD4470 /* QuartzCore.framework in Frameworks */ = {isa = PBXBuildFile; fileRef = 72EBBB9F239A1CC400DD4470 /* QuartzCore.framework */; };
		72EBBBA2239A1CCA00DD4470 /* Metal.framework in Frameworks */ = {isa = PBXBuildFile; fileRef = 72EBBBA1239A1CCA00DD4470 /* Metal.framework */; };
		72EBBBA9239A1D8100DD4470 /* GameController.framework in Frameworks */ = {isa = PBXBuildFile; fileRef = 72EBBBA8239A1D8100DD4470 /* GameController.framework */; };
		72EBBBAB239A1D8C00DD4470 /* UIKit.framework in Frameworks */ = {isa = PBXBuildFile; fileRef = 72EBBBAA239A1D8C00DD4470 /* UIKit.framework */; };
		72EBBBAD239A1D9600DD4470 /* Foundation.framework in Frameworks */ = {isa = PBXBuildFile; fileRef = 72EBBBAC239A1D9600DD4470 /* Foundation.framework */; };
		72EBBBAF239A1DA200DD4470 /* AVFoundation.framework in Frameworks */ = {isa = PBXBuildFile; fileRef = 72EBBBAE239A1DA200DD4470 /* AVFoundation.framework */; };
		72EBBBB1239A1DB600DD4470 /* QuartzCore.framework in Frameworks */ = {isa = PBXBuildFile; fileRef = 72EBBBB0239A1DB600DD4470 /* QuartzCore.framework */; };
		72EBBBB3239A1DBB00DD4470 /* CoreGraphics.framework in Frameworks */ = {isa = PBXBuildFile; fileRef = 72EBBBB2239A1DBB00DD4470 /* CoreGraphics.framework */; };
		72EBBBB5239A1DBF00DD4470 /* ImageIO.framework in Frameworks */ = {isa = PBXBuildFile; fileRef = 72EBBBB4239A1DBF00DD4470 /* ImageIO.framework */; };
		72EBBBB7239A1DC600DD4470 /* CoreText.framework in Frameworks */ = {isa = PBXBuildFile; fileRef = 72EBBBB6239A1DC600DD4470 /* CoreText.framework */; };
		72EBBBB9239A1DCB00DD4470 /* Metal.framework in Frameworks */ = {isa = PBXBuildFile; fileRef = 72EBBBB8239A1DCB00DD4470 /* Metal.framework */; };
		72EBBBBA239A213600DD4470 /* gamepad_gccontroller.m in Sources */ = {isa = PBXBuildFile; fileRef = 72817C9C2393808B00DB7677 /* gamepad_gccontroller.m */; };
		72EBBBBD239A215500DD4470 /* GameController.framework in Frameworks */ = {isa = PBXBuildFile; fileRef = 72EBBBBC239A215500DD4470 /* GameController.framework */; };
		72FC1200239D870C00E97E45 /* menu_actions.c in Sources */ = {isa = PBXBuildFile; fileRef = 72FC11FF239D870C00E97E45 /* menu_actions.c */; };
		72FC1201239D870C00E97E45 /* menu_actions.c in Sources */ = {isa = PBXBuildFile; fileRef = 72FC11FF239D870C00E97E45 /* menu_actions.c */; };
		770FFA0810B8F465009FD46A /* defaults_apple.m in Sources */ = {isa = PBXBuildFile; fileRef = 770FFA0710B8F465009FD46A /* defaults_apple.m */; };
		771B6CA010BE60320014884B /* sc_icon.icns in Resources */ = {isa = PBXBuildFile; fileRef = 771B6C9F10BE60320014884B /* sc_icon.icns */; };
		772B6A850D15CBA000A216BD /* network.c in Sources */ = {isa = PBXBuildFile; fileRef = 772B6A840D15CBA000A216BD /* network.c */; };
		7744BFA40B33736900BD1D5D /* collision.c in Sources */ = {isa = PBXBuildFile; fileRef = 7744BFA00B33736900BD1D5D /* collision.c */; };
		774686A20B750F7200F73E92 /* animation.c in Sources */ = {isa = PBXBuildFile; fileRef = 774686A00B750F7200F73E92 /* animation.c */; };
		774A44200B2BEA58000C04D9 /* main.c in Sources */ = {isa = PBXBuildFile; fileRef = 774A441E0B2BEA57000C04D9 /* main.c */; };
		774A44610B2BEB46000C04D9 /* scenery.c in Sources */ = {isa = PBXBuildFile; fileRef = 774A445F0B2BEB46000C04D9 /* scenery.c */; };
		776592650BA35B4300167AF7 /* text.c in Sources */ = {isa = PBXBuildFile; fileRef = 776592630BA35B4300167AF7 /* text.c */; };
		776E48CE0B2E53E100AA3B6F /* input.c in Sources */ = {isa = PBXBuildFile; fileRef = 776E48CC0B2E53E100AA3B6F /* input.c */; };
		7781DBC40B7E8E9B003BD7B6 /* weapon.c in Sources */ = {isa = PBXBuildFile; fileRef = 7781DBC20B7E8E9B003BD7B6 /* weapon.c */; };
		778FA7910D0656FA002A3C26 /* ai.c in Sources */ = {isa = PBXBuildFile; fileRef = 778FA7900D0656FA002A3C26 /* ai.c */; };
		77C7A2640CFA8C6500295420 /* Data in Resources */ = {isa = PBXBuildFile; fileRef = 77C7A2630CFA8C6500295420 /* Data */; };
		77C7A4FC0CFD292600295420 /* menus_desktop.c in Sources */ = {isa = PBXBuildFile; fileRef = 77C7A4FB0CFD292600295420 /* menus_desktop.c */; };
		77CCC2AF0BA4D36B007F9F3A /* console.c in Sources */ = {isa = PBXBuildFile; fileRef = 77DC8A510B2FA1DD0080334C /* console.c */; };
		8D11072B0486CEB800E47090 /* InfoPlist.strings in Resources */ = {isa = PBXBuildFile; fileRef = 089C165CFE840E0CC02AAC07 /* InfoPlist.strings */; };
/* End PBXBuildFile section */

/* Begin PBXCopyFilesBuildPhase section */
		002F39FD09D0883400EBEB88 /* Copy Frameworks into .app bundle */ = {
			isa = PBXCopyFilesBuildPhase;
			buildActionMask = 2147483647;
			dstPath = "";
			dstSubfolderSpec = 10;
			files = (
			);
			name = "Copy Frameworks into .app bundle";
			runOnlyForDeploymentPostprocessing = 0;
		};
/* End PBXCopyFilesBuildPhase section */

/* Begin PBXFileReference section */
		72011848232758ED004C2532 /* font.h */ = {isa = PBXFileReference; lastKnownFileType = sourcecode.c.h; name = font.h; path = ../src/font.h; sourceTree = "<group>"; };
		72011849232758ED004C2532 /* font_apple.m */ = {isa = PBXFileReference; lastKnownFileType = sourcecode.c.objc; name = font_apple.m; path = ../src/font_apple.m; sourceTree = "<group>"; };
		721A006B21AA74E90099D093 /* renderer_types.h */ = {isa = PBXFileReference; lastKnownFileType = sourcecode.c.h; name = renderer_types.h; path = ../src/renderer_types.h; sourceTree = "<group>"; };
		721A006F21AA7B420099D093 /* renderer_metal.h */ = {isa = PBXFileReference; lastKnownFileType = sourcecode.c.h; name = renderer_metal.h; path = ../src/renderer_metal.h; sourceTree = "<group>"; };
		721A007021AA7B420099D093 /* renderer_metal.m */ = {isa = PBXFileReference; lastKnownFileType = sourcecode.c.objc; name = renderer_metal.m; path = ../src/renderer_metal.m; sourceTree = "<group>"; };
		721A007621AB11CC0099D093 /* shaders.metal */ = {isa = PBXFileReference; lastKnownFileType = sourcecode.metal; name = shaders.metal; path = ../src/shaders.metal; sourceTree = "<group>"; };
		721A007821AB96C60099D093 /* metal_indices.h */ = {isa = PBXFileReference; lastKnownFileType = sourcecode.c.h; name = metal_indices.h; path = ../src/metal_indices.h; sourceTree = "<group>"; };
		7272B29C21E5CBEB00C305D3 /* renderer_projection.h */ = {isa = PBXFileReference; lastKnownFileType = sourcecode.c.h; name = renderer_projection.h; path = ../src/renderer_projection.h; sourceTree = "<group>"; };
		7272B29D21E5CBEB00C305D3 /* renderer_projection.c */ = {isa = PBXFileReference; lastKnownFileType = sourcecode.c.c; name = renderer_projection.c; path = ../src/renderer_projection.c; sourceTree = "<group>"; };
		727DAE21235BFFBB0030B29D /* mt_random.h */ = {isa = PBXFileReference; lastKnownFileType = sourcecode.c.h; name = mt_random.h; path = ../src/mt_random.h; sourceTree = "<group>"; };
		727DAE22235BFFBB0030B29D /* mt_random.c */ = {isa = PBXFileReference; lastKnownFileType = sourcecode.c.c; name = mt_random.c; path = ../src/mt_random.c; sourceTree = "<group>"; };
		727DAE24235C10A50030B29D /* quit.h */ = {isa = PBXFileReference; lastKnownFileType = sourcecode.c.h; name = quit.h; path = ../src/quit.h; sourceTree = "<group>"; };
		727DAE27235C1F650030B29D /* time_apple.m */ = {isa = PBXFileReference; fileEncoding = 4; lastKnownFileType = sourcecode.c.objc; name = time_apple.m; path = ../src/time_apple.m; sourceTree = "<group>"; };
		727DAE28235C1F650030B29D /* time.h */ = {isa = PBXFileReference; fileEncoding = 4; lastKnownFileType = sourcecode.c.h; name = time.h; path = ../src/time.h; sourceTree = "<group>"; };
		727DAE4D235D284F0030B29D /* texture_apple.m */ = {isa = PBXFileReference; lastKnownFileType = sourcecode.c.objc; name = texture_apple.m; path = ../src/texture_apple.m; sourceTree = "<group>"; };
		727DAE4F235D5C570030B29D /* thread.h */ = {isa = PBXFileReference; lastKnownFileType = sourcecode.c.h; name = thread.h; path = ../src/thread.h; sourceTree = "<group>"; };
		727DAE50235D5C570030B29D /* thread_posix.c */ = {isa = PBXFileReference; lastKnownFileType = sourcecode.c.c; name = thread_posix.c; path = ../src/thread_posix.c; sourceTree = "<group>"; };
		72817B69238DB38700DB7677 /* window.h */ = {isa = PBXFileReference; lastKnownFileType = sourcecode.c.h; name = window.h; path = ../src/window.h; sourceTree = "<group>"; };
		72817B6C238E0DA500DB7677 /* globals.h */ = {isa = PBXFileReference; lastKnownFileType = sourcecode.c.h; name = globals.h; path = ../src/globals.h; sourceTree = "<group>"; };
		72817B6E238E0EA700DB7677 /* platforms.h */ = {isa = PBXFileReference; lastKnownFileType = sourcecode.c.h; name = platforms.h; path = ../src/platforms.h; sourceTree = "<group>"; };
		72817B6F238ED9D200DB7677 /* window_osx.m */ = {isa = PBXFileReference; lastKnownFileType = sourcecode.c.objc; name = window_osx.m; path = ../src/window_osx.m; sourceTree = "<group>"; };
		72817BC52390A98D00DB7677 /* keyboard.h */ = {isa = PBXFileReference; lastKnownFileType = sourcecode.c.h; name = keyboard.h; path = ../src/keyboard.h; sourceTree = "<group>"; };
		72817BCA2390C11D00DB7677 /* keyboard_osx.m */ = {isa = PBXFileReference; lastKnownFileType = sourcecode.c.objc; name = keyboard_osx.m; path = ../src/keyboard_osx.m; sourceTree = "<group>"; };
		72817BD02392B6C500DB7677 /* app.h */ = {isa = PBXFileReference; lastKnownFileType = sourcecode.c.h; name = app.h; path = ../src/app.h; sourceTree = "<group>"; };
		72817BD12392B6FA00DB7677 /* app_osx.m */ = {isa = PBXFileReference; lastKnownFileType = sourcecode.c.objc; name = app_osx.m; path = ../src/app_osx.m; sourceTree = "<group>"; };
		72817BD32392C33800DB7677 /* quit_apple.m */ = {isa = PBXFileReference; lastKnownFileType = sourcecode.c.objc; name = quit_apple.m; path = ../src/quit_apple.m; sourceTree = "<group>"; };
		72817BD72392F98300DB7677 /* MainMenu.xib */ = {isa = PBXFileReference; lastKnownFileType = file.xib; path = MainMenu.xib; sourceTree = "<group>"; };
		72817C5F23934C3E00DB7677 /* SkyCheckers.app */ = {isa = PBXFileReference; explicitFileType = wrapper.application; includeInIndex = 0; path = SkyCheckers.app; sourceTree = BUILT_PRODUCTS_DIR; };
		72817C6D23934C4100DB7677 /* Assets.xcassets */ = {isa = PBXFileReference; lastKnownFileType = folder.assetcatalog; path = Assets.xcassets; sourceTree = "<group>"; };
		72817C7023934C4100DB7677 /* Base */ = {isa = PBXFileReference; lastKnownFileType = file.storyboard; name = Base; path = Base.lproj/LaunchScreen.storyboard; sourceTree = "<group>"; };
		72817C7223934C4100DB7677 /* Info.plist */ = {isa = PBXFileReference; lastKnownFileType = text.plist.xml; path = Info.plist; sourceTree = "<group>"; };
		72817C8923934E7300DB7677 /* characters.c */ = {isa = PBXFileReference; fileEncoding = 4; lastKnownFileType = sourcecode.c.c; name = characters.c; path = ../src/characters.c; sourceTree = "<group>"; };
		72817C912393675900DB7677 /* window_ios.m */ = {isa = PBXFileReference; lastKnownFileType = sourcecode.c.objc; name = window_ios.m; path = ../src/window_ios.m; sourceTree = "<group>"; };
		72817C9C2393808B00DB7677 /* gamepad_gccontroller.m */ = {isa = PBXFileReference; lastKnownFileType = sourcecode.c.objc; name = gamepad_gccontroller.m; path = ../src/gamepad_gccontroller.m; sourceTree = "<group>"; };
		72817CA02393827700DB7677 /* app_ios.m */ = {isa = PBXFileReference; lastKnownFileType = sourcecode.c.objc; name = app_ios.m; path = ../src/app_ios.m; sourceTree = "<group>"; };
		72817CAF23944C0100DB7677 /* float.h */ = {isa = PBXFileReference; lastKnownFileType = sourcecode.c.h; name = float.h; path = ../src/float.h; sourceTree = "<group>"; };
		72817CB02394522000DB7677 /* float_metal.h */ = {isa = PBXFileReference; lastKnownFileType = sourcecode.c.h; name = float_metal.h; path = ../src/float_metal.h; sourceTree = "<group>"; };
		72817CB22394A34D00DB7677 /* touch.h */ = {isa = PBXFileReference; lastKnownFileType = sourcecode.c.h; name = touch.h; path = ../src/touch.h; sourceTree = "<group>"; };
		7282C624231CEC640063D3CB /* audio_apple.m */ = {isa = PBXFileReference; lastKnownFileType = sourcecode.c.objc; name = audio_apple.m; path = ../src/audio_apple.m; sourceTree = "<group>"; };
		729BE4B82364121800DC70F7 /* gamepad.h */ = {isa = PBXFileReference; fileEncoding = 4; lastKnownFileType = sourcecode.c.h; name = gamepad.h; path = ../src/gamepad.h; sourceTree = "<group>"; };
		729BE4C0236667EE00DC70F7 /* gamepad_osx.m */ = {isa = PBXFileReference; fileEncoding = 4; lastKnownFileType = sourcecode.c.objc; name = gamepad_osx.m; path = ../src/gamepad_osx.m; sourceTree = "<group>"; };
		72A14F1721A5E26200606E14 /* math_3d.h */ = {isa = PBXFileReference; lastKnownFileType = sourcecode.c.h; name = math_3d.h; path = ../src/math_3d.h; sourceTree = "<group>"; };
		72A14F2F21A71C6700606E14 /* renderer.c */ = {isa = PBXFileReference; fileEncoding = 4; lastKnownFileType = sourcecode.c.c; name = renderer.c; path = ../src/renderer.c; sourceTree = "<group>"; };
		72A14F3021A71C6800606E14 /* renderer.h */ = {isa = PBXFileReference; fileEncoding = 4; lastKnownFileType = sourcecode.c.h; name = renderer.h; path = ../src/renderer.h; sourceTree = "<group>"; };
		72A5D134239C1725004C12D6 /* menus_ios.m */ = {isa = PBXFileReference; lastKnownFileType = sourcecode.c.objc; name = menus_ios.m; path = ../src/menus_ios.m; sourceTree = "<group>"; };
		72A5D137239C1F21004C12D6 /* Foundation.framework */ = {isa = PBXFileReference; lastKnownFileType = wrapper.framework; name = Foundation.framework; path = System/Library/Frameworks/Foundation.framework; sourceTree = SDKROOT; };
		72A5D13A239C1F8D004C12D6 /* AppKit.framework */ = {isa = PBXFileReference; lastKnownFileType = wrapper.framework; name = AppKit.framework; path = System/Library/Frameworks/AppKit.framework; sourceTree = SDKROOT; };
		72B6149322E0305D007B50B9 /* en */ = {isa = PBXFileReference; lastKnownFileType = text.plist.strings; name = en; path = en.lproj/InfoPlist.strings; sourceTree = "<group>"; };
		72BE1BF02257089300E3192A /* SkyCheckers.entitlements */ = {isa = PBXFileReference; lastKnownFileType = text.plist.entitlements; path = SkyCheckers.entitlements; sourceTree = "<group>"; };
		72BE1BF1225708E000E3192A /* container-migration.plist */ = {isa = PBXFileReference; lastKnownFileType = text.plist.xml; path = "container-migration.plist"; sourceTree = "<group>"; };
		72EBBB91239A1C9300DD4470 /* CoreServices.framework */ = {isa = PBXFileReference; lastKnownFileType = wrapper.framework; name = CoreServices.framework; path = System/Library/Frameworks/CoreServices.framework; sourceTree = SDKROOT; };
		72EBBB93239A1C9C00DD4470 /* Carbon.framework */ = {isa = PBXFileReference; lastKnownFileType = wrapper.framework; name = Carbon.framework; path = System/Library/Frameworks/Carbon.framework; sourceTree = SDKROOT; };
		72EBBB95239A1CA200DD4470 /* IOKit.framework */ = {isa = PBXFileReference; lastKnownFileType = wrapper.framework; name = IOKit.framework; path = System/Library/Frameworks/IOKit.framework; sourceTree = SDKROOT; };
		72EBBB97239A1CA800DD4470 /* ImageIO.framework */ = {isa = PBXFileReference; lastKnownFileType = wrapper.framework; name = ImageIO.framework; path = System/Library/Frameworks/ImageIO.framework; sourceTree = SDKROOT; };
		72EBBB99239A1CAE00DD4470 /* CoreGraphics.framework */ = {isa = PBXFileReference; lastKnownFileType = wrapper.framework; name = CoreGraphics.framework; path = System/Library/Frameworks/CoreGraphics.framework; sourceTree = SDKROOT; };
		72EBBB9B239A1CB400DD4470 /* CoreText.framework */ = {isa = PBXFileReference; lastKnownFileType = wrapper.framework; name = CoreText.framework; path = System/Library/Frameworks/CoreText.framework; sourceTree = SDKROOT; };
		72EBBB9D239A1CBC00DD4470 /* AVFoundation.framework */ = {isa = PBXFileReference; lastKnownFileType = wrapper.framework; name = AVFoundation.framework; path = System/Library/Frameworks/AVFoundation.framework; sourceTree = SDKROOT; };
		72EBBB9F239A1CC400DD4470 /* QuartzCore.framework */ = {isa = PBXFileReference; lastKnownFileType = wrapper.framework; name = QuartzCore.framework; path = System/Library/Frameworks/QuartzCore.framework; sourceTree = SDKROOT; };
		72EBBBA1239A1CCA00DD4470 /* Metal.framework */ = {isa = PBXFileReference; lastKnownFileType = wrapper.framework; name = Metal.framework; path = System/Library/Frameworks/Metal.framework; sourceTree = SDKROOT; };
		72EBBBA8239A1D8100DD4470 /* GameController.framework */ = {isa = PBXFileReference; lastKnownFileType = wrapper.framework; name = GameController.framework; path = Platforms/iPhoneOS.platform/Developer/SDKs/iPhoneOS13.2.sdk/System/Library/Frameworks/GameController.framework; sourceTree = DEVELOPER_DIR; };
		72EBBBAA239A1D8C00DD4470 /* UIKit.framework */ = {isa = PBXFileReference; lastKnownFileType = wrapper.framework; name = UIKit.framework; path = Platforms/iPhoneOS.platform/Developer/SDKs/iPhoneOS13.2.sdk/System/Library/Frameworks/UIKit.framework; sourceTree = DEVELOPER_DIR; };
		72EBBBAC239A1D9600DD4470 /* Foundation.framework */ = {isa = PBXFileReference; lastKnownFileType = wrapper.framework; name = Foundation.framework; path = Platforms/iPhoneOS.platform/Developer/SDKs/iPhoneOS13.2.sdk/System/Library/Frameworks/Foundation.framework; sourceTree = DEVELOPER_DIR; };
		72EBBBAE239A1DA200DD4470 /* AVFoundation.framework */ = {isa = PBXFileReference; lastKnownFileType = wrapper.framework; name = AVFoundation.framework; path = Platforms/iPhoneOS.platform/Developer/SDKs/iPhoneOS13.2.sdk/System/Library/Frameworks/AVFoundation.framework; sourceTree = DEVELOPER_DIR; };
		72EBBBB0239A1DB600DD4470 /* QuartzCore.framework */ = {isa = PBXFileReference; lastKnownFileType = wrapper.framework; name = QuartzCore.framework; path = Platforms/iPhoneOS.platform/Developer/SDKs/iPhoneOS13.2.sdk/System/Library/Frameworks/QuartzCore.framework; sourceTree = DEVELOPER_DIR; };
		72EBBBB2239A1DBB00DD4470 /* CoreGraphics.framework */ = {isa = PBXFileReference; lastKnownFileType = wrapper.framework; name = CoreGraphics.framework; path = Platforms/iPhoneOS.platform/Developer/SDKs/iPhoneOS13.2.sdk/System/Library/Frameworks/CoreGraphics.framework; sourceTree = DEVELOPER_DIR; };
		72EBBBB4239A1DBF00DD4470 /* ImageIO.framework */ = {isa = PBXFileReference; lastKnownFileType = wrapper.framework; name = ImageIO.framework; path = Platforms/iPhoneOS.platform/Developer/SDKs/iPhoneOS13.2.sdk/System/Library/Frameworks/ImageIO.framework; sourceTree = DEVELOPER_DIR; };
		72EBBBB6239A1DC600DD4470 /* CoreText.framework */ = {isa = PBXFileReference; lastKnownFileType = wrapper.framework; name = CoreText.framework; path = Platforms/iPhoneOS.platform/Developer/SDKs/iPhoneOS13.2.sdk/System/Library/Frameworks/CoreText.framework; sourceTree = DEVELOPER_DIR; };
		72EBBBB8239A1DCB00DD4470 /* Metal.framework */ = {isa = PBXFileReference; lastKnownFileType = wrapper.framework; name = Metal.framework; path = Platforms/iPhoneOS.platform/Developer/SDKs/iPhoneOS13.2.sdk/System/Library/Frameworks/Metal.framework; sourceTree = DEVELOPER_DIR; };
		72EBBBBC239A215500DD4470 /* GameController.framework */ = {isa = PBXFileReference; lastKnownFileType = wrapper.framework; name = GameController.framework; path = System/Library/Frameworks/GameController.framework; sourceTree = SDKROOT; };
		72EBBBBE239A29EB00DD4470 /* gamepad_gccontroller.h */ = {isa = PBXFileReference; lastKnownFileType = sourcecode.c.h; name = gamepad_gccontroller.h; path = ../src/gamepad_gccontroller.h; sourceTree = "<group>"; };
		72FC11FE239D870B00E97E45 /* menu_actions.h */ = {isa = PBXFileReference; lastKnownFileType = sourcecode.c.h; name = menu_actions.h; path = ../src/menu_actions.h; sourceTree = "<group>"; };
		72FC11FF239D870C00E97E45 /* menu_actions.c */ = {isa = PBXFileReference; lastKnownFileType = sourcecode.c.c; name = menu_actions.c; path = ../src/menu_actions.c; sourceTree = "<group>"; };
		770FFA0610B8F465009FD46A /* defaults.h */ = {isa = PBXFileReference; fileEncoding = 4; lastKnownFileType = sourcecode.c.h; name = defaults.h; path = ../src/defaults.h; sourceTree = "<group>"; };
		770FFA0710B8F465009FD46A /* defaults_apple.m */ = {isa = PBXFileReference; fileEncoding = 4; lastKnownFileType = sourcecode.c.objc; name = defaults_apple.m; path = ../src/defaults_apple.m; sourceTree = "<group>"; };
		771B6C9F10BE60320014884B /* sc_icon.icns */ = {isa = PBXFileReference; lastKnownFileType = image.icns; path = sc_icon.icns; sourceTree = "<group>"; };
		772B6A830D15CBA000A216BD /* network.h */ = {isa = PBXFileReference; fileEncoding = 4; lastKnownFileType = sourcecode.c.h; name = network.h; path = ../src/network.h; sourceTree = "<group>"; };
		772B6A840D15CBA000A216BD /* network.c */ = {isa = PBXFileReference; fileEncoding = 4; lastKnownFileType = sourcecode.c.c; name = network.c; path = ../src/network.c; sourceTree = "<group>"; };
		7744BFA00B33736900BD1D5D /* collision.c */ = {isa = PBXFileReference; fileEncoding = 30; lastKnownFileType = sourcecode.c.c; name = collision.c; path = ../src/collision.c; sourceTree = "<group>"; };
		7744BFA10B33736900BD1D5D /* collision.h */ = {isa = PBXFileReference; fileEncoding = 30; lastKnownFileType = sourcecode.c.h; name = collision.h; path = ../src/collision.h; sourceTree = "<group>"; };
		7746869F0B750F7200F73E92 /* animation.h */ = {isa = PBXFileReference; fileEncoding = 4; lastKnownFileType = sourcecode.c.h; name = animation.h; path = ../src/animation.h; sourceTree = "<group>"; };
		774686A00B750F7200F73E92 /* animation.c */ = {isa = PBXFileReference; fileEncoding = 4; lastKnownFileType = sourcecode.c.c; name = animation.c; path = ../src/animation.c; sourceTree = "<group>"; };
		774A441E0B2BEA57000C04D9 /* main.c */ = {isa = PBXFileReference; fileEncoding = 30; lastKnownFileType = sourcecode.c.c; name = main.c; path = ../src/main.c; sourceTree = "<group>"; };
		774A445E0B2BEB46000C04D9 /* scenery.h */ = {isa = PBXFileReference; fileEncoding = 4; lastKnownFileType = sourcecode.c.h; name = scenery.h; path = ../src/scenery.h; sourceTree = "<group>"; };
		774A445F0B2BEB46000C04D9 /* scenery.c */ = {isa = PBXFileReference; fileEncoding = 4; lastKnownFileType = sourcecode.c.c; name = scenery.c; path = ../src/scenery.c; sourceTree = "<group>"; };
		774A450C0B2BF1FC000C04D9 /* texture.h */ = {isa = PBXFileReference; fileEncoding = 4; lastKnownFileType = sourcecode.c.h; name = texture.h; path = ../src/texture.h; sourceTree = "<group>"; };
		774A47430B2C8A7E000C04D9 /* characters.h */ = {isa = PBXFileReference; fileEncoding = 4; lastKnownFileType = sourcecode.c.h; name = characters.h; path = ../src/characters.h; sourceTree = "<group>"; };
		776592620BA35B4300167AF7 /* text.h */ = {isa = PBXFileReference; fileEncoding = 4; lastKnownFileType = sourcecode.c.h; name = text.h; path = ../src/text.h; sourceTree = "<group>"; };
		776592630BA35B4300167AF7 /* text.c */ = {isa = PBXFileReference; fileEncoding = 4; lastKnownFileType = sourcecode.c.c; name = text.c; path = ../src/text.c; sourceTree = "<group>"; };
		776E48CB0B2E53E100AA3B6F /* input.h */ = {isa = PBXFileReference; fileEncoding = 4; lastKnownFileType = sourcecode.c.h; name = input.h; path = ../src/input.h; sourceTree = "<group>"; };
		776E48CC0B2E53E100AA3B6F /* input.c */ = {isa = PBXFileReference; fileEncoding = 4; lastKnownFileType = sourcecode.c.c; name = input.c; path = ../src/input.c; sourceTree = "<group>"; };
		7781DBC10B7E8E9B003BD7B6 /* weapon.h */ = {isa = PBXFileReference; fileEncoding = 4; lastKnownFileType = sourcecode.c.h; name = weapon.h; path = ../src/weapon.h; sourceTree = "<group>"; };
		7781DBC20B7E8E9B003BD7B6 /* weapon.c */ = {isa = PBXFileReference; fileEncoding = 4; lastKnownFileType = sourcecode.c.c; name = weapon.c; path = ../src/weapon.c; sourceTree = "<group>"; };
		778FA78F0D0656FA002A3C26 /* ai.h */ = {isa = PBXFileReference; fileEncoding = 4; lastKnownFileType = sourcecode.c.h; name = ai.h; path = ../src/ai.h; sourceTree = "<group>"; };
		778FA7900D0656FA002A3C26 /* ai.c */ = {isa = PBXFileReference; fileEncoding = 4; lastKnownFileType = sourcecode.c.c; name = ai.c; path = ../src/ai.c; sourceTree = "<group>"; };
		77C7A2630CFA8C6500295420 /* Data */ = {isa = PBXFileReference; lastKnownFileType = folder; name = Data; path = ../Data; sourceTree = "<group>"; };
		77C7A4FA0CFD292600295420 /* menus.h */ = {isa = PBXFileReference; fileEncoding = 4; lastKnownFileType = sourcecode.c.h; name = menus.h; path = ../src/menus.h; sourceTree = "<group>"; };
		77C7A4FB0CFD292600295420 /* menus_desktop.c */ = {isa = PBXFileReference; fileEncoding = 4; lastKnownFileType = sourcecode.c.c; name = menus_desktop.c; path = ../src/menus_desktop.c; sourceTree = "<group>"; };
		77CBEDE910B3B3EB0006B1BE /* audio.h */ = {isa = PBXFileReference; fileEncoding = 4; lastKnownFileType = sourcecode.c.h; name = audio.h; path = ../src/audio.h; sourceTree = "<group>"; };
		77DC8A500B2FA1DD0080334C /* console.h */ = {isa = PBXFileReference; fileEncoding = 4; lastKnownFileType = sourcecode.c.h; name = console.h; path = ../src/console.h; sourceTree = "<group>"; };
		77DC8A510B2FA1DD0080334C /* console.c */ = {isa = PBXFileReference; fileEncoding = 4; lastKnownFileType = sourcecode.c.c; name = console.c; path = ../src/console.c; sourceTree = "<group>"; };
		8D1107310486CEB800E47090 /* Info.plist */ = {isa = PBXFileReference; fileEncoding = 4; lastKnownFileType = text.plist; path = Info.plist; sourceTree = "<group>"; };
		8D1107320486CEB800E47090 /* SkyCheckers.app */ = {isa = PBXFileReference; explicitFileType = wrapper.application; includeInIndex = 0; path = SkyCheckers.app; sourceTree = BUILT_PRODUCTS_DIR; };
/* End PBXFileReference section */

/* Begin PBXFrameworksBuildPhase section */
		72817C5C23934C3E00DB7677 /* Frameworks */ = {
			isa = PBXFrameworksBuildPhase;
			buildActionMask = 2147483647;
			files = (
				72EBBBB9239A1DCB00DD4470 /* Metal.framework in Frameworks */,
				72EBBBB7239A1DC600DD4470 /* CoreText.framework in Frameworks */,
				72EBBBB5239A1DBF00DD4470 /* ImageIO.framework in Frameworks */,
				72EBBBB3239A1DBB00DD4470 /* CoreGraphics.framework in Frameworks */,
				72EBBBB1239A1DB600DD4470 /* QuartzCore.framework in Frameworks */,
				72EBBBAF239A1DA200DD4470 /* AVFoundation.framework in Frameworks */,
				72EBBBAD239A1D9600DD4470 /* Foundation.framework in Frameworks */,
				72EBBBAB239A1D8C00DD4470 /* UIKit.framework in Frameworks */,
				72EBBBA9239A1D8100DD4470 /* GameController.framework in Frameworks */,
			);
			runOnlyForDeploymentPostprocessing = 0;
		};
		8D11072E0486CEB800E47090 /* Frameworks */ = {
			isa = PBXFrameworksBuildPhase;
			buildActionMask = 2147483647;
			files = (
				72A5D13B239C1F8D004C12D6 /* AppKit.framework in Frameworks */,
				72A5D138239C1F21004C12D6 /* Foundation.framework in Frameworks */,
				72EBBBBD239A215500DD4470 /* GameController.framework in Frameworks */,
				72EBBBA2239A1CCA00DD4470 /* Metal.framework in Frameworks */,
				72EBBBA0239A1CC400DD4470 /* QuartzCore.framework in Frameworks */,
				72EBBB9E239A1CBC00DD4470 /* AVFoundation.framework in Frameworks */,
				72EBBB9C239A1CB400DD4470 /* CoreText.framework in Frameworks */,
				72EBBB9A239A1CAE00DD4470 /* CoreGraphics.framework in Frameworks */,
				72EBBB98239A1CA800DD4470 /* ImageIO.framework in Frameworks */,
				72EBBB96239A1CA200DD4470 /* IOKit.framework in Frameworks */,
				72EBBB94239A1C9C00DD4470 /* Carbon.framework in Frameworks */,
				72EBBB92239A1C9300DD4470 /* CoreServices.framework in Frameworks */,
			);
			runOnlyForDeploymentPostprocessing = 0;
		};
/* End PBXFrameworksBuildPhase section */

/* Begin PBXGroup section */
		19C28FACFE9D520D11CA2CBB /* Products */ = {
			isa = PBXGroup;
			children = (
				8D1107320486CEB800E47090 /* SkyCheckers.app */,
				72817C5F23934C3E00DB7677 /* SkyCheckers.app */,
			);
			name = Products;
			sourceTree = "<group>";
		};
		29B97314FDCFA39411CA2CEA /* SkyCheckers */ = {
			isa = PBXGroup;
			children = (
				72817C6023934C3E00DB7677 /* iOS */,
				72817C5A23934B9100DB7677 /* macOS */,
				29B97315FDCFA39411CA2CEA /* Sources */,
				19C28FACFE9D520D11CA2CBB /* Products */,
			);
			name = SkyCheckers;
			sourceTree = "<group>";
			usesTabs = 1;
		};
		29B97315FDCFA39411CA2CEA /* Sources */ = {
			isa = PBXGroup;
			children = (
				72A14F1721A5E26200606E14 /* math_3d.h */,
				770FFA0610B8F465009FD46A /* defaults.h */,
				770FFA0710B8F465009FD46A /* defaults_apple.m */,
				72817B6E238E0EA700DB7677 /* platforms.h */,
				72817B6C238E0DA500DB7677 /* globals.h */,
				774A441E0B2BEA57000C04D9 /* main.c */,
				77C7A4FA0CFD292600295420 /* menus.h */,
				77C7A4FB0CFD292600295420 /* menus_desktop.c */,
				72A5D134239C1725004C12D6 /* menus_ios.m */,
				72FC11FE239D870B00E97E45 /* menu_actions.h */,
				72FC11FF239D870C00E97E45 /* menu_actions.c */,
				774A445E0B2BEB46000C04D9 /* scenery.h */,
				774A445F0B2BEB46000C04D9 /* scenery.c */,
				774A47430B2C8A7E000C04D9 /* characters.h */,
				72817C8923934E7300DB7677 /* characters.c */,
				7781DBC10B7E8E9B003BD7B6 /* weapon.h */,
				7781DBC20B7E8E9B003BD7B6 /* weapon.c */,
				7744BFA10B33736900BD1D5D /* collision.h */,
				7744BFA00B33736900BD1D5D /* collision.c */,
				776E48CB0B2E53E100AA3B6F /* input.h */,
				776E48CC0B2E53E100AA3B6F /* input.c */,
				7746869F0B750F7200F73E92 /* animation.h */,
				774686A00B750F7200F73E92 /* animation.c */,
				778FA78F0D0656FA002A3C26 /* ai.h */,
				778FA7900D0656FA002A3C26 /* ai.c */,
				77CBEDE910B3B3EB0006B1BE /* audio.h */,
				7282C624231CEC640063D3CB /* audio_apple.m */,
				772B6A830D15CBA000A216BD /* network.h */,
				772B6A840D15CBA000A216BD /* network.c */,
				77DC8A500B2FA1DD0080334C /* console.h */,
				77DC8A510B2FA1DD0080334C /* console.c */,
				72817CAF23944C0100DB7677 /* float.h */,
				72817CB02394522000DB7677 /* float_metal.h */,
				721A006B21AA74E90099D093 /* renderer_types.h */,
				72A14F3021A71C6800606E14 /* renderer.h */,
				72A14F2F21A71C6700606E14 /* renderer.c */,
				721A007821AB96C60099D093 /* metal_indices.h */,
				721A006F21AA7B420099D093 /* renderer_metal.h */,
				721A007021AA7B420099D093 /* renderer_metal.m */,
				7272B29C21E5CBEB00C305D3 /* renderer_projection.h */,
				7272B29D21E5CBEB00C305D3 /* renderer_projection.c */,
				721A007621AB11CC0099D093 /* shaders.metal */,
				774A450C0B2BF1FC000C04D9 /* texture.h */,
				727DAE4D235D284F0030B29D /* texture_apple.m */,
				72817BD02392B6C500DB7677 /* app.h */,
				72817BD12392B6FA00DB7677 /* app_osx.m */,
				72817CA02393827700DB7677 /* app_ios.m */,
				72817B69238DB38700DB7677 /* window.h */,
				72817B6F238ED9D200DB7677 /* window_osx.m */,
				72817C912393675900DB7677 /* window_ios.m */,
				72817BC52390A98D00DB7677 /* keyboard.h */,
				72817BCA2390C11D00DB7677 /* keyboard_osx.m */,
				72817CB22394A34D00DB7677 /* touch.h */,
				727DAE24235C10A50030B29D /* quit.h */,
				72817BD32392C33800DB7677 /* quit_apple.m */,
				729BE4B82364121800DC70F7 /* gamepad.h */,
				729BE4C0236667EE00DC70F7 /* gamepad_osx.m */,
				72EBBBBE239A29EB00DD4470 /* gamepad_gccontroller.h */,
				72817C9C2393808B00DB7677 /* gamepad_gccontroller.m */,
				727DAE28235C1F650030B29D /* time.h */,
				727DAE27235C1F650030B29D /* time_apple.m */,
				727DAE4F235D5C570030B29D /* thread.h */,
				727DAE50235D5C570030B29D /* thread_posix.c */,
				727DAE21235BFFBB0030B29D /* mt_random.h */,
				727DAE22235BFFBB0030B29D /* mt_random.c */,
				776592620BA35B4300167AF7 /* text.h */,
				776592630BA35B4300167AF7 /* text.c */,
				72011848232758ED004C2532 /* font.h */,
				72011849232758ED004C2532 /* font_apple.m */,
			);
			name = Sources;
			sourceTree = "<group>";
		};
		29B97317FDCFA39411CA2CEA /* Resources */ = {
			isa = PBXGroup;
			children = (
				771B6C9F10BE60320014884B /* sc_icon.icns */,
				77C7A2630CFA8C6500295420 /* Data */,
				8D1107310486CEB800E47090 /* Info.plist */,
				089C165CFE840E0CC02AAC07 /* InfoPlist.strings */,
				72BE1BF1225708E000E3192A /* container-migration.plist */,
				72817BD72392F98300DB7677 /* MainMenu.xib */,
			);
			name = Resources;
			sourceTree = "<group>";
		};
		72817C5A23934B9100DB7677 /* macOS */ = {
			isa = PBXGroup;
			children = (
				72BE1BF02257089300E3192A /* SkyCheckers.entitlements */,
				72EBBB8E239A1C8B00DD4470 /* Frameworks */,
				29B97317FDCFA39411CA2CEA /* Resources */,
			);
			name = macOS;
			sourceTree = "<group>";
		};
		72817C6023934C3E00DB7677 /* iOS */ = {
			isa = PBXGroup;
			children = (
				72817C6D23934C4100DB7677 /* Assets.xcassets */,
				72817C6F23934C4100DB7677 /* LaunchScreen.storyboard */,
				72817C7223934C4100DB7677 /* Info.plist */,
				72EBBBA7239A1D8000DD4470 /* Frameworks */,
			);
			path = iOS;
			sourceTree = "<group>";
		};
		72EBBB8E239A1C8B00DD4470 /* Frameworks */ = {
			isa = PBXGroup;
			children = (
				72A5D13A239C1F8D004C12D6 /* AppKit.framework */,
				72A5D137239C1F21004C12D6 /* Foundation.framework */,
				72EBBBBC239A215500DD4470 /* GameController.framework */,
				72EBBBA1239A1CCA00DD4470 /* Metal.framework */,
				72EBBB9F239A1CC400DD4470 /* QuartzCore.framework */,
				72EBBB9D239A1CBC00DD4470 /* AVFoundation.framework */,
				72EBBB9B239A1CB400DD4470 /* CoreText.framework */,
				72EBBB99239A1CAE00DD4470 /* CoreGraphics.framework */,
				72EBBB97239A1CA800DD4470 /* ImageIO.framework */,
				72EBBB95239A1CA200DD4470 /* IOKit.framework */,
				72EBBB93239A1C9C00DD4470 /* Carbon.framework */,
				72EBBB91239A1C9300DD4470 /* CoreServices.framework */,
			);
			name = Frameworks;
			sourceTree = "<group>";
		};
		72EBBBA7239A1D8000DD4470 /* Frameworks */ = {
			isa = PBXGroup;
			children = (
				72EBBBB8239A1DCB00DD4470 /* Metal.framework */,
				72EBBBB6239A1DC600DD4470 /* CoreText.framework */,
				72EBBBB4239A1DBF00DD4470 /* ImageIO.framework */,
				72EBBBB2239A1DBB00DD4470 /* CoreGraphics.framework */,
				72EBBBB0239A1DB600DD4470 /* QuartzCore.framework */,
				72EBBBAE239A1DA200DD4470 /* AVFoundation.framework */,
				72EBBBAC239A1D9600DD4470 /* Foundation.framework */,
				72EBBBAA239A1D8C00DD4470 /* UIKit.framework */,
				72EBBBA8239A1D8100DD4470 /* GameController.framework */,
			);
			name = Frameworks;
			path = ..;
			sourceTree = "<group>";
		};
/* End PBXGroup section */

/* Begin PBXNativeTarget section */
		72817C5E23934C3E00DB7677 /* SkyCheckers-iOS */ = {
			isa = PBXNativeTarget;
			buildConfigurationList = 72817C7523934C4100DB7677 /* Build configuration list for PBXNativeTarget "SkyCheckers-iOS" */;
			buildPhases = (
				72817C5B23934C3E00DB7677 /* Sources */,
				72817C5C23934C3E00DB7677 /* Frameworks */,
				72817C5D23934C3E00DB7677 /* Resources */,
			);
			buildRules = (
			);
			dependencies = (
			);
			name = "SkyCheckers-iOS";
			productName = "SkyCheckers-iOS";
			productReference = 72817C5F23934C3E00DB7677 /* SkyCheckers.app */;
			productType = "com.apple.product-type.application";
		};
		8D1107260486CEB800E47090 /* SkyCheckers */ = {
			isa = PBXNativeTarget;
			buildConfigurationList = C01FCF4A08A954540054247B /* Build configuration list for PBXNativeTarget "SkyCheckers" */;
			buildPhases = (
				8D1107290486CEB800E47090 /* Resources */,
				8D11072C0486CEB800E47090 /* Sources */,
				8D11072E0486CEB800E47090 /* Frameworks */,
				002F39FD09D0883400EBEB88 /* Copy Frameworks into .app bundle */,
			);
			buildRules = (
			);
			dependencies = (
			);
			name = SkyCheckers;
			productInstallPath = "$(HOME)/Applications";
			productName = SkyCheckers;
			productReference = 8D1107320486CEB800E47090 /* SkyCheckers.app */;
			productType = "com.apple.product-type.application";
		};
/* End PBXNativeTarget section */

/* Begin PBXProject section */
		29B97313FDCFA39411CA2CEA /* Project object */ = {
			isa = PBXProject;
			attributes = {
				LastUpgradeCheck = 1100;
				TargetAttributes = {
					72817C5E23934C3E00DB7677 = {
						CreatedOnToolsVersion = 11.1;
					};
					8D1107260486CEB800E47090 = {
						SystemCapabilities = {
							com.apple.HardenedRuntime = {
								enabled = 1;
							};
							com.apple.Sandbox = {
								enabled = 1;
							};
						};
					};
				};
			};
			buildConfigurationList = C01FCF4E08A954540054247B /* Build configuration list for PBXProject "SkyCheckers" */;
			compatibilityVersion = "Xcode 2.4";
			developmentRegion = en;
			hasScannedForEncodings = 1;
			knownRegions = (
				en,
				Base,
			);
			mainGroup = 29B97314FDCFA39411CA2CEA /* SkyCheckers */;
			projectDirPath = "";
			projectRoot = "";
			targets = (
				8D1107260486CEB800E47090 /* SkyCheckers */,
				72817C5E23934C3E00DB7677 /* SkyCheckers-iOS */,
			);
		};
/* End PBXProject section */

/* Begin PBXResourcesBuildPhase section */
		72817C5D23934C3E00DB7677 /* Resources */ = {
			isa = PBXResourcesBuildPhase;
			buildActionMask = 2147483647;
			files = (
				72817CAE2393D45E00DB7677 /* sc_icon.icns in Resources */,
				72817C9823937FF600DB7677 /* Data in Resources */,
				72817C7123934C4100DB7677 /* LaunchScreen.storyboard in Resources */,
				72817C6E23934C4100DB7677 /* Assets.xcassets in Resources */,
			);
			runOnlyForDeploymentPostprocessing = 0;
		};
		8D1107290486CEB800E47090 /* Resources */ = {
			isa = PBXResourcesBuildPhase;
			buildActionMask = 2147483647;
			files = (
				8D11072B0486CEB800E47090 /* InfoPlist.strings in Resources */,
				72817BD82392F98300DB7677 /* MainMenu.xib in Resources */,
				72BE1BF2225708E000E3192A /* container-migration.plist in Resources */,
				77C7A2640CFA8C6500295420 /* Data in Resources */,
				771B6CA010BE60320014884B /* sc_icon.icns in Resources */,
			);
			runOnlyForDeploymentPostprocessing = 0;
		};
/* End PBXResourcesBuildPhase section */

/* Begin PBXSourcesBuildPhase section */
		72817C5B23934C3E00DB7677 /* Sources */ = {
			isa = PBXSourcesBuildPhase;
			buildActionMask = 2147483647;
			files = (
				72817CB123946C0000DB7677 /* quit_apple.m in Sources */,
				72817CAB2393860E00DB7677 /* network.c in Sources */,
				72817CAA2393860600DB7677 /* ai.c in Sources */,
				72817CA92393860100DB7677 /* animation.c in Sources */,
				72817CA8239385FC00DB7677 /* input.c in Sources */,
				72817CA7239385F800DB7677 /* collision.c in Sources */,
				72817CA6239385F300DB7677 /* weapon.c in Sources */,
				72817CA5239385ED00DB7677 /* characters.c in Sources */,
				72817CA4239385E800DB7677 /* scenery.c in Sources */,
				72817CA2239385DC00DB7677 /* main.c in Sources */,
				72817C9B2393805B00DB7677 /* text.c in Sources */,
				72817C9A2393803900DB7677 /* texture_apple.m in Sources */,
				72A5D135239C1725004C12D6 /* menus_ios.m in Sources */,
				72817C992393802000DB7677 /* mt_random.c in Sources */,
				72817C9723937FEA00DB7677 /* shaders.metal in Sources */,
				72817C9623937FD000DB7677 /* thread_posix.c in Sources */,
				72817C93239369D100DB7677 /* renderer.c in Sources */,
				72817C94239369D100DB7677 /* renderer_metal.m in Sources */,
				72817C95239369D100DB7677 /* renderer_projection.c in Sources */,
				72817C9023934F5B00DB7677 /* defaults_apple.m in Sources */,
				72817C8E23934F2400DB7677 /* font_apple.m in Sources */,
				72817C922393675900DB7677 /* window_ios.m in Sources */,
				72817CA12393827700DB7677 /* app_ios.m in Sources */,
				72817C8D23934F1900DB7677 /* time_apple.m in Sources */,
				72817C7923934DB500DB7677 /* audio_apple.m in Sources */,
				72817C9D2393808B00DB7677 /* gamepad_gccontroller.m in Sources */,
				72FC1201239D870C00E97E45 /* menu_actions.c in Sources */,
			);
			runOnlyForDeploymentPostprocessing = 0;
		};
		8D11072C0486CEB800E47090 /* Sources */ = {
			isa = PBXSourcesBuildPhase;
			buildActionMask = 2147483647;
			files = (
				72EBBBBA239A213600DD4470 /* gamepad_gccontroller.m in Sources */,
				72817B70238ED9D200DB7677 /* window_osx.m in Sources */,
				774A44200B2BEA58000C04D9 /* main.c in Sources */,
				774A44610B2BEB46000C04D9 /* scenery.c in Sources */,
				727DAE2A235C1F660030B29D /* time_apple.m in Sources */,
				776E48CE0B2E53E100AA3B6F /* input.c in Sources */,
				7744BFA40B33736900BD1D5D /* collision.c in Sources */,
				774686A20B750F7200F73E92 /* animation.c in Sources */,
				7781DBC40B7E8E9B003BD7B6 /* weapon.c in Sources */,
				7201184A232758ED004C2532 /* font_apple.m in Sources */,
				776592650BA35B4300167AF7 /* text.c in Sources */,
				77CCC2AF0BA4D36B007F9F3A /* console.c in Sources */,
				72817C8A23934E7300DB7677 /* characters.c in Sources */,
				727DAE4E235D284F0030B29D /* texture_apple.m in Sources */,
				7272B29E21E5CBEB00C305D3 /* renderer_projection.c in Sources */,
				721A007721AB11CD0099D093 /* shaders.metal in Sources */,
				77C7A4FC0CFD292600295420 /* menus_desktop.c in Sources */,
				778FA7910D0656FA002A3C26 /* ai.c in Sources */,
				727DAE51235D5C570030B29D /* thread_posix.c in Sources */,
				729BE4C1236667EE00DC70F7 /* gamepad_osx.m in Sources */,
				72FC1200239D870C00E97E45 /* menu_actions.c in Sources */,
				772B6A850D15CBA000A216BD /* network.c in Sources */,
				72A14F3121A71C6900606E14 /* renderer.c in Sources */,
				72817BD42392C33900DB7677 /* quit_apple.m in Sources */,
				721A007121AA7B420099D093 /* renderer_metal.m in Sources */,
				72817BD22392B6FA00DB7677 /* app_osx.m in Sources */,
				727DAE23235BFFBB0030B29D /* mt_random.c in Sources */,
				7282C625231CEC640063D3CB /* audio_apple.m in Sources */,
				72817BCB2390C11D00DB7677 /* keyboard_osx.m in Sources */,
				770FFA0810B8F465009FD46A /* defaults_apple.m in Sources */,
			);
			runOnlyForDeploymentPostprocessing = 0;
		};
/* End PBXSourcesBuildPhase section */

/* Begin PBXVariantGroup section */
		089C165CFE840E0CC02AAC07 /* InfoPlist.strings */ = {
			isa = PBXVariantGroup;
			children = (
				72B6149322E0305D007B50B9 /* en */,
			);
			name = InfoPlist.strings;
			sourceTree = "<group>";
		};
		72817C6F23934C4100DB7677 /* LaunchScreen.storyboard */ = {
			isa = PBXVariantGroup;
			children = (
				72817C7023934C4100DB7677 /* Base */,
			);
			name = LaunchScreen.storyboard;
			sourceTree = "<group>";
		};
/* End PBXVariantGroup section */

/* Begin XCBuildConfiguration section */
		72817C7623934C4100DB7677 /* Debug */ = {
			isa = XCBuildConfiguration;
			buildSettings = {
				CLANG_ANALYZER_NONNULL = YES;
				CLANG_ANALYZER_NUMBER_OBJECT_CONVERSION = YES_AGGRESSIVE;
				CLANG_CXX_LANGUAGE_STANDARD = "gnu++14";
				CLANG_CXX_LIBRARY = "libc++";
				CLANG_ENABLE_MODULES = YES;
				CLANG_ENABLE_OBJC_WEAK = YES;
				CLANG_MODULES_AUTOLINK = NO;
				CLANG_WARN_DIRECT_OBJC_ISA_USAGE = YES_ERROR;
				CLANG_WARN_DOCUMENTATION_COMMENTS = YES;
				CLANG_WARN_OBJC_ROOT_CLASS = YES_ERROR;
				CLANG_WARN_UNGUARDED_AVAILABILITY = YES_AGGRESSIVE;
				CODE_SIGN_STYLE = Automatic;
				COPY_PHASE_STRIP = NO;
				DEBUG_INFORMATION_FORMAT = dwarf;
				DEVELOPMENT_TEAM = ZCK58M894E;
				ENABLE_TESTABILITY = YES;
				GCC_C_LANGUAGE_STANDARD = gnu11;
				GCC_DYNAMIC_NO_PIC = NO;
				GCC_OPTIMIZATION_LEVEL = 0;
				GCC_PREPROCESSOR_DEFINITIONS = (
					"DEBUG=1",
					"$(inherited)",
				);
				GCC_WARN_ABOUT_RETURN_TYPE = YES_ERROR;
				GCC_WARN_UNINITIALIZED_AUTOS = YES_AGGRESSIVE;
				INFOPLIST_FILE = iOS/Info.plist;
				IPHONEOS_DEPLOYMENT_TARGET = 13.0;
				LD_RUNPATH_SEARCH_PATHS = "$(inherited) @executable_path/Frameworks";
				MTL_ENABLE_DEBUG_INFO = INCLUDE_SOURCE;
				MTL_FAST_MATH = YES;
				ONLY_ACTIVE_ARCH = YES;
				PRODUCT_BUNDLE_IDENTIFIER = org.zgcoder.SkyCheckers;
				PRODUCT_NAME = SkyCheckers;
				SDKROOT = iphoneos;
				TARGETED_DEVICE_FAMILY = "1,2";
			};
			name = Debug;
		};
		72817C7723934C4100DB7677 /* Release */ = {
			isa = XCBuildConfiguration;
			buildSettings = {
				CLANG_ANALYZER_NONNULL = YES;
				CLANG_ANALYZER_NUMBER_OBJECT_CONVERSION = YES_AGGRESSIVE;
				CLANG_CXX_LANGUAGE_STANDARD = "gnu++14";
				CLANG_CXX_LIBRARY = "libc++";
				CLANG_ENABLE_MODULES = YES;
				CLANG_ENABLE_OBJC_WEAK = YES;
				CLANG_MODULES_AUTOLINK = NO;
				CLANG_WARN_DIRECT_OBJC_ISA_USAGE = YES_ERROR;
				CLANG_WARN_DOCUMENTATION_COMMENTS = YES;
				CLANG_WARN_OBJC_ROOT_CLASS = YES_ERROR;
				CLANG_WARN_UNGUARDED_AVAILABILITY = YES_AGGRESSIVE;
				CODE_SIGN_STYLE = Automatic;
				COPY_PHASE_STRIP = NO;
				DEBUG_INFORMATION_FORMAT = "dwarf-with-dsym";
				DEVELOPMENT_TEAM = ZCK58M894E;
				ENABLE_NS_ASSERTIONS = NO;
				GCC_C_LANGUAGE_STANDARD = gnu11;
				GCC_WARN_ABOUT_RETURN_TYPE = YES_ERROR;
				GCC_WARN_UNINITIALIZED_AUTOS = YES_AGGRESSIVE;
				INFOPLIST_FILE = iOS/Info.plist;
				IPHONEOS_DEPLOYMENT_TARGET = 13.0;
				LD_RUNPATH_SEARCH_PATHS = "$(inherited) @executable_path/Frameworks";
				MTL_ENABLE_DEBUG_INFO = NO;
				MTL_FAST_MATH = YES;
				PRODUCT_BUNDLE_IDENTIFIER = org.zgcoder.SkyCheckers;
				PRODUCT_NAME = SkyCheckers;
				SDKROOT = iphoneos;
				TARGETED_DEVICE_FAMILY = "1,2";
				VALIDATE_PRODUCT = YES;
			};
			name = Release;
		};
		72817C7823934C4100DB7677 /* Profiling-Release */ = {
			isa = XCBuildConfiguration;
			buildSettings = {
				CLANG_ANALYZER_NONNULL = YES;
				CLANG_ANALYZER_NUMBER_OBJECT_CONVERSION = YES_AGGRESSIVE;
				CLANG_CXX_LANGUAGE_STANDARD = "gnu++14";
				CLANG_CXX_LIBRARY = "libc++";
				CLANG_ENABLE_MODULES = YES;
				CLANG_ENABLE_OBJC_WEAK = YES;
				CLANG_MODULES_AUTOLINK = NO;
				CLANG_WARN_DIRECT_OBJC_ISA_USAGE = YES_ERROR;
				CLANG_WARN_DOCUMENTATION_COMMENTS = YES;
				CLANG_WARN_OBJC_ROOT_CLASS = YES_ERROR;
				CLANG_WARN_UNGUARDED_AVAILABILITY = YES_AGGRESSIVE;
				CODE_SIGN_STYLE = Automatic;
				COPY_PHASE_STRIP = NO;
				DEBUG_INFORMATION_FORMAT = "dwarf-with-dsym";
				DEVELOPMENT_TEAM = ZCK58M894E;
				ENABLE_NS_ASSERTIONS = NO;
				GCC_C_LANGUAGE_STANDARD = gnu11;
				GCC_WARN_ABOUT_RETURN_TYPE = YES_ERROR;
				GCC_WARN_UNINITIALIZED_AUTOS = YES_AGGRESSIVE;
				INFOPLIST_FILE = iOS/Info.plist;
				IPHONEOS_DEPLOYMENT_TARGET = 13.0;
				LD_RUNPATH_SEARCH_PATHS = "$(inherited) @executable_path/Frameworks";
				MTL_ENABLE_DEBUG_INFO = NO;
				MTL_FAST_MATH = YES;
				PRODUCT_BUNDLE_IDENTIFIER = org.zgcoder.SkyCheckers;
				PRODUCT_NAME = SkyCheckers;
				SDKROOT = iphoneos;
				TARGETED_DEVICE_FAMILY = "1,2";
				VALIDATE_PRODUCT = YES;
			};
			name = "Profiling-Release";
		};
		728AC40221B3B0AD00F7969D /* Profiling-Release */ = {
			isa = XCBuildConfiguration;
			buildSettings = {
				ALWAYS_SEARCH_USER_PATHS = NO;
				ARCHS = "$(ARCHS_STANDARD_64_BIT)";
				CLANG_ENABLE_OBJC_ARC = YES;
				CLANG_WARN_BLOCK_CAPTURE_AUTORELEASING = YES;
				CLANG_WARN_BOOL_CONVERSION = YES;
				CLANG_WARN_COMMA = YES;
				CLANG_WARN_CONSTANT_CONVERSION = YES;
				CLANG_WARN_DEPRECATED_OBJC_IMPLEMENTATIONS = YES;
				CLANG_WARN_EMPTY_BODY = YES;
				CLANG_WARN_ENUM_CONVERSION = YES;
				CLANG_WARN_INFINITE_RECURSION = YES;
				CLANG_WARN_INT_CONVERSION = YES;
				CLANG_WARN_NON_LITERAL_NULL_CONVERSION = YES;
				CLANG_WARN_OBJC_IMPLICIT_RETAIN_SELF = YES;
				CLANG_WARN_OBJC_LITERAL_CONVERSION = YES;
				CLANG_WARN_RANGE_LOOP_ANALYSIS = YES;
				CLANG_WARN_STRICT_PROTOTYPES = YES;
				CLANG_WARN_SUSPICIOUS_MOVE = YES;
				CLANG_WARN_UNREACHABLE_CODE = YES;
				CLANG_WARN__DUPLICATE_METHOD_MATCH = YES;
				ENABLE_STRICT_OBJC_MSGSEND = YES;
				GCC_NO_COMMON_BLOCKS = YES;
				GCC_WARN_64_TO_32_BIT_CONVERSION = YES;
				GCC_WARN_ABOUT_RETURN_TYPE = YES;
				GCC_WARN_UNDECLARED_SELECTOR = YES;
				GCC_WARN_UNINITIALIZED_AUTOS = YES;
				GCC_WARN_UNUSED_FUNCTION = YES;
				GCC_WARN_UNUSED_VARIABLE = YES;
				HEADER_SEARCH_PATHS = "$(HEADER_SEARCH_PATHS)";
				MACOSX_DEPLOYMENT_TARGET = 10.7;
				OTHER_LDFLAGS = "";
				SDKROOT = macosx;
				SECTORDER_FLAGS = "";
			};
			name = "Profiling-Release";
		};
		728AC40321B3B0AD00F7969D /* Profiling-Release */ = {
			isa = XCBuildConfiguration;
			buildSettings = {
				CLANG_MODULES_AUTOLINK = NO;
				CODE_SIGN_ENTITLEMENTS = SkyCheckers.entitlements;
				CODE_SIGN_IDENTITY = "Apple Development";
				DEVELOPMENT_TEAM = ZCK58M894E;
				ENABLE_HARDENED_RUNTIME = YES;
				GCC_GENERATE_DEBUGGING_SYMBOLS = NO;
				GCC_MODEL_TUNING = G5;
				INFOPLIST_FILE = Info.plist;
				MTL_ENABLE_DEBUG_INFO = NO;
				MTL_FAST_MATH = YES;
				MTL_LANGUAGE_REVISION = UseDeploymentTarget;
				MTL_OPTIMIZATION_LEVEL = 3;
				OTHER_CFLAGS = "-D_PROFILING";
				PRODUCT_BUNDLE_IDENTIFIER = com.zgcoder.SkyCheckers;
				PRODUCT_NAME = SkyCheckers;
				WARNING_CFLAGS = (
					"-Wall",
					"-Wextra",
					"-Wno-unused-parameter",
					"-Wnewline-eof",
				);
				WRAPPER_EXTENSION = app;
			};
			name = "Profiling-Release";
		};
		C01FCF4B08A954540054247B /* Debug */ = {
			isa = XCBuildConfiguration;
			buildSettings = {
				CLANG_MODULES_AUTOLINK = NO;
				CODE_SIGN_ENTITLEMENTS = SkyCheckers.entitlements;
				CODE_SIGN_IDENTITY = "-";
				COPY_PHASE_STRIP = NO;
				ENABLE_HARDENED_RUNTIME = NO;
				GCC_DYNAMIC_NO_PIC = NO;
				GCC_MODEL_TUNING = G5;
				GCC_OPTIMIZATION_LEVEL = 0;
				INFOPLIST_FILE = Info.plist;
				MTL_ENABLE_DEBUG_INFO = INCLUDE_SOURCE;
				MTL_FAST_MATH = YES;
				MTL_LANGUAGE_REVISION = UseDeploymentTarget;
				MTL_OPTIMIZATION_LEVEL = 0;
				OTHER_CFLAGS = "-D_DEBUG";
				PRODUCT_BUNDLE_IDENTIFIER = com.zgcoder.SkyCheckers;
				PRODUCT_NAME = SkyCheckers;
				RUN_CLANG_STATIC_ANALYZER = NO;
				WARNING_CFLAGS = (
					"-Wall",
					"-Wextra",
					"-Wno-unused-parameter",
					"-Wnewline-eof",
				);
				WRAPPER_EXTENSION = app;
			};
			name = Debug;
		};
		C01FCF4C08A954540054247B /* Release */ = {
			isa = XCBuildConfiguration;
			buildSettings = {
				CLANG_MODULES_AUTOLINK = NO;
				CODE_SIGN_ENTITLEMENTS = SkyCheckers.entitlements;
				CODE_SIGN_IDENTITY = "Apple Development";
				DEVELOPMENT_TEAM = ZCK58M894E;
				ENABLE_HARDENED_RUNTIME = YES;
				GCC_GENERATE_DEBUGGING_SYMBOLS = NO;
				GCC_MODEL_TUNING = G5;
				INFOPLIST_FILE = Info.plist;
				MTL_ENABLE_DEBUG_INFO = NO;
				MTL_FAST_MATH = YES;
				MTL_LANGUAGE_REVISION = UseDeploymentTarget;
				MTL_OPTIMIZATION_LEVEL = 3;
				PRODUCT_BUNDLE_IDENTIFIER = com.zgcoder.SkyCheckers;
				PRODUCT_NAME = SkyCheckers;
				WARNING_CFLAGS = (
					"-Wall",
					"-Wextra",
					"-Wno-unused-parameter",
					"-Wnewline-eof",
				);
				WRAPPER_EXTENSION = app;
			};
			name = Release;
		};
		C01FCF4F08A954540054247B /* Debug */ = {
			isa = XCBuildConfiguration;
			buildSettings = {
				ALWAYS_SEARCH_USER_PATHS = NO;
				ARCHS = "$(ARCHS_STANDARD_64_BIT)";
				CLANG_ENABLE_OBJC_ARC = YES;
				CLANG_WARN_BLOCK_CAPTURE_AUTORELEASING = YES;
				CLANG_WARN_BOOL_CONVERSION = YES;
				CLANG_WARN_COMMA = YES;
				CLANG_WARN_CONSTANT_CONVERSION = YES;
				CLANG_WARN_DEPRECATED_OBJC_IMPLEMENTATIONS = YES;
				CLANG_WARN_EMPTY_BODY = YES;
				CLANG_WARN_ENUM_CONVERSION = YES;
				CLANG_WARN_INFINITE_RECURSION = YES;
				CLANG_WARN_INT_CONVERSION = YES;
				CLANG_WARN_NON_LITERAL_NULL_CONVERSION = YES;
				CLANG_WARN_OBJC_IMPLICIT_RETAIN_SELF = YES;
				CLANG_WARN_OBJC_LITERAL_CONVERSION = YES;
				CLANG_WARN_RANGE_LOOP_ANALYSIS = YES;
				CLANG_WARN_STRICT_PROTOTYPES = YES;
				CLANG_WARN_SUSPICIOUS_MOVE = YES;
				CLANG_WARN_UNREACHABLE_CODE = YES;
				CLANG_WARN__DUPLICATE_METHOD_MATCH = YES;
				ENABLE_STRICT_OBJC_MSGSEND = YES;
				GCC_NO_COMMON_BLOCKS = YES;
				GCC_WARN_64_TO_32_BIT_CONVERSION = YES;
				GCC_WARN_ABOUT_RETURN_TYPE = YES;
				GCC_WARN_UNDECLARED_SELECTOR = YES;
				GCC_WARN_UNINITIALIZED_AUTOS = YES;
				GCC_WARN_UNUSED_FUNCTION = YES;
				GCC_WARN_UNUSED_VARIABLE = YES;
				HEADER_SEARCH_PATHS = "$(HEADER_SEARCH_PATHS)";
				MACOSX_DEPLOYMENT_TARGET = 10.7;
				OTHER_LDFLAGS = "";
				SDKROOT = macosx;
				ZERO_LINK = NO;
			};
			name = Debug;
		};
		C01FCF5008A954540054247B /* Release */ = {
			isa = XCBuildConfiguration;
			buildSettings = {
				ALWAYS_SEARCH_USER_PATHS = NO;
				ARCHS = "$(ARCHS_STANDARD_64_BIT)";
				CLANG_ENABLE_OBJC_ARC = YES;
				CLANG_WARN_BLOCK_CAPTURE_AUTORELEASING = YES;
				CLANG_WARN_BOOL_CONVERSION = YES;
				CLANG_WARN_COMMA = YES;
				CLANG_WARN_CONSTANT_CONVERSION = YES;
				CLANG_WARN_DEPRECATED_OBJC_IMPLEMENTATIONS = YES;
				CLANG_WARN_EMPTY_BODY = YES;
				CLANG_WARN_ENUM_CONVERSION = YES;
				CLANG_WARN_INFINITE_RECURSION = YES;
				CLANG_WARN_INT_CONVERSION = YES;
				CLANG_WARN_NON_LITERAL_NULL_CONVERSION = YES;
				CLANG_WARN_OBJC_IMPLICIT_RETAIN_SELF = YES;
				CLANG_WARN_OBJC_LITERAL_CONVERSION = YES;
				CLANG_WARN_RANGE_LOOP_ANALYSIS = YES;
				CLANG_WARN_STRICT_PROTOTYPES = YES;
				CLANG_WARN_SUSPICIOUS_MOVE = YES;
				CLANG_WARN_UNREACHABLE_CODE = YES;
				CLANG_WARN__DUPLICATE_METHOD_MATCH = YES;
				ENABLE_STRICT_OBJC_MSGSEND = YES;
				GCC_NO_COMMON_BLOCKS = YES;
				GCC_WARN_64_TO_32_BIT_CONVERSION = YES;
				GCC_WARN_ABOUT_RETURN_TYPE = YES;
				GCC_WARN_UNDECLARED_SELECTOR = YES;
				GCC_WARN_UNINITIALIZED_AUTOS = YES;
				GCC_WARN_UNUSED_FUNCTION = YES;
				GCC_WARN_UNUSED_VARIABLE = YES;
				HEADER_SEARCH_PATHS = "$(HEADER_SEARCH_PATHS)";
				MACOSX_DEPLOYMENT_TARGET = 10.7;
				OTHER_LDFLAGS = "";
				SDKROOT = macosx;
				SECTORDER_FLAGS = "";
			};
			name = Release;
		};
/* End XCBuildConfiguration section */

/* Begin XCConfigurationList section */
		72817C7523934C4100DB7677 /* Build configuration list for PBXNativeTarget "SkyCheckers-iOS" */ = {
			isa = XCConfigurationList;
			buildConfigurations = (
				72817C7623934C4100DB7677 /* Debug */,
				72817C7723934C4100DB7677 /* Release */,
				72817C7823934C4100DB7677 /* Profiling-Release */,
			);
			defaultConfigurationIsVisible = 0;
			defaultConfigurationName = Release;
		};
		C01FCF4A08A954540054247B /* Build configuration list for PBXNativeTarget "SkyCheckers" */ = {
			isa = XCConfigurationList;
			buildConfigurations = (
				C01FCF4B08A954540054247B /* Debug */,
				C01FCF4C08A954540054247B /* Release */,
				728AC40321B3B0AD00F7969D /* Profiling-Release */,
			);
			defaultConfigurationIsVisible = 0;
			defaultConfigurationName = Release;
		};
		C01FCF4E08A954540054247B /* Build configuration list for PBXProject "SkyCheckers" */ = {
			isa = XCConfigurationList;
			buildConfigurations = (
				C01FCF4F08A954540054247B /* Debug */,
				C01FCF5008A954540054247B /* Release */,
				728AC40221B3B0AD00F7969D /* Profiling-Release */,
			);
			defaultConfigurationIsVisible = 0;
			defaultConfigurationName = Release;
		};
/* End XCConfigurationList section */
	};
	rootObject = 29B97313FDCFA39411CA2CEA /* Project object */;
}
