// !$*UTF8*$!
{
	archiveVersion = 1;
	classes = {
	};
	objectVersion = 45;
	objects = {

/* Begin PBXBuildFile section */
		002F3C0109D093BD00EBEB88 /* OpenGL.framework in Frameworks */ = {isa = PBXBuildFile; fileRef = 002F3C0009D093BD00EBEB88 /* OpenGL.framework */; };
		7201184523260361004C2532 /* CoreText.framework in Frameworks */ = {isa = PBXBuildFile; fileRef = 7201184423260361004C2532 /* CoreText.framework */; };
		7201184723260D93004C2532 /* CoreGraphics.framework in Frameworks */ = {isa = PBXBuildFile; fileRef = 7201184623260D93004C2532 /* CoreGraphics.framework */; };
		7201184A232758ED004C2532 /* font_osx.m in Sources */ = {isa = PBXBuildFile; fileRef = 72011849232758ED004C2532 /* font_osx.m */; };
		721A006E21AA763B0099D093 /* renderer_gl.c in Sources */ = {isa = PBXBuildFile; fileRef = 721A006D21AA763B0099D093 /* renderer_gl.c */; };
		721A007121AA7B420099D093 /* renderer_metal.m in Sources */ = {isa = PBXBuildFile; fileRef = 721A007021AA7B420099D093 /* renderer_metal.m */; };
		721A007321AA7CBE0099D093 /* Metal.framework in Frameworks */ = {isa = PBXBuildFile; fileRef = 721A007221AA7CBE0099D093 /* Metal.framework */; settings = {ATTRIBUTES = (Weak, ); }; };
		721A007521AA7D350099D093 /* QuartzCore.framework in Frameworks */ = {isa = PBXBuildFile; fileRef = 721A007421AA7D350099D093 /* QuartzCore.framework */; settings = {ATTRIBUTES = (Weak, ); }; };
		721A007721AB11CD0099D093 /* shaders.metal in Sources */ = {isa = PBXBuildFile; fileRef = 721A007621AB11CC0099D093 /* shaders.metal */; };
		721B0022204A47C1005AF984 /* SDL2.framework in Frameworks */ = {isa = PBXBuildFile; fileRef = 721B0021204A47C1005AF984 /* SDL2.framework */; };
		721B002C204A4861005AF984 /* SDL2.framework in Copy Frameworks into .app bundle */ = {isa = PBXBuildFile; fileRef = 721B0021204A47C1005AF984 /* SDL2.framework */; settings = {ATTRIBUTES = (CodeSignOnCopy, RemoveHeadersOnCopy, ); }; };
		7272B29E21E5CBEB00C305D3 /* renderer_projection.c in Sources */ = {isa = PBXBuildFile; fileRef = 7272B29D21E5CBEB00C305D3 /* renderer_projection.c */; };
		727DAE23235BFFBB0030B29D /* mt_random.c in Sources */ = {isa = PBXBuildFile; fileRef = 727DAE22235BFFBB0030B29D /* mt_random.c */; };
		727DAE26235C10A50030B29D /* quit.c in Sources */ = {isa = PBXBuildFile; fileRef = 727DAE25235C10A50030B29D /* quit.c */; };
		727DAE2A235C1F660030B29D /* time_osx.m in Sources */ = {isa = PBXBuildFile; fileRef = 727DAE27235C1F650030B29D /* time_osx.m */; };
		7282C625231CEC640063D3CB /* audio_osx.m in Sources */ = {isa = PBXBuildFile; fileRef = 7282C624231CEC640063D3CB /* audio_osx.m */; };
		7282C627231CEE3C0063D3CB /* AVFoundation.framework in Frameworks */ = {isa = PBXBuildFile; fileRef = 7282C626231CEE3C0063D3CB /* AVFoundation.framework */; };
		72A14F3121A71C6900606E14 /* renderer.c in Sources */ = {isa = PBXBuildFile; fileRef = 72A14F2F21A71C6700606E14 /* renderer.c */; };
		72BE1BF2225708E000E3192A /* container-migration.plist in Resources */ = {isa = PBXBuildFile; fileRef = 72BE1BF1225708E000E3192A /* container-migration.plist */; };
		770FFA0810B8F465009FD46A /* osx.m in Sources */ = {isa = PBXBuildFile; fileRef = 770FFA0710B8F465009FD46A /* osx.m */; };
		771B6CA010BE60320014884B /* sc_icon.icns in Resources */ = {isa = PBXBuildFile; fileRef = 771B6C9F10BE60320014884B /* sc_icon.icns */; };
		772B6A850D15CBA000A216BD /* network.c in Sources */ = {isa = PBXBuildFile; fileRef = 772B6A840D15CBA000A216BD /* network.c */; };
		7744BFA40B33736900BD1D5D /* collision.c in Sources */ = {isa = PBXBuildFile; fileRef = 7744BFA00B33736900BD1D5D /* collision.c */; };
		774686A20B750F7200F73E92 /* animation.c in Sources */ = {isa = PBXBuildFile; fileRef = 774686A00B750F7200F73E92 /* animation.c */; };
		774A44200B2BEA58000C04D9 /* main.c in Sources */ = {isa = PBXBuildFile; fileRef = 774A441E0B2BEA57000C04D9 /* main.c */; };
		774A44610B2BEB46000C04D9 /* scenery.c in Sources */ = {isa = PBXBuildFile; fileRef = 774A445F0B2BEB46000C04D9 /* scenery.c */; };
		774A450F0B2BF1FC000C04D9 /* texture.c in Sources */ = {isa = PBXBuildFile; fileRef = 774A450D0B2BF1FC000C04D9 /* texture.c */; };
		774A47460B2C8A7E000C04D9 /* characters.c in Sources */ = {isa = PBXBuildFile; fileRef = 774A47440B2C8A7E000C04D9 /* characters.c */; };
		774F33D90BB48A9A00884B83 /* menu.c in Sources */ = {isa = PBXBuildFile; fileRef = 774F33D70BB48A9A00884B83 /* menu.c */; };
		776592650BA35B4300167AF7 /* text.c in Sources */ = {isa = PBXBuildFile; fileRef = 776592630BA35B4300167AF7 /* text.c */; };
		776E48CE0B2E53E100AA3B6F /* input.c in Sources */ = {isa = PBXBuildFile; fileRef = 776E48CC0B2E53E100AA3B6F /* input.c */; };
		7781DBC40B7E8E9B003BD7B6 /* weapon.c in Sources */ = {isa = PBXBuildFile; fileRef = 7781DBC20B7E8E9B003BD7B6 /* weapon.c */; };
		778FA7910D0656FA002A3C26 /* ai.c in Sources */ = {isa = PBXBuildFile; fileRef = 778FA7900D0656FA002A3C26 /* ai.c */; };
		77C7A2640CFA8C6500295420 /* Data in Resources */ = {isa = PBXBuildFile; fileRef = 77C7A2630CFA8C6500295420 /* Data */; };
		77C7A4FC0CFD292600295420 /* game_menus.c in Sources */ = {isa = PBXBuildFile; fileRef = 77C7A4FB0CFD292600295420 /* game_menus.c */; };
		77CCC2AF0BA4D36B007F9F3A /* console.c in Sources */ = {isa = PBXBuildFile; fileRef = 77DC8A510B2FA1DD0080334C /* console.c */; };
		77CCC2B30BA4D374007F9F3A /* Cocoa.framework in Frameworks */ = {isa = PBXBuildFile; fileRef = 1058C7A1FEA54F0111CA2CBB /* Cocoa.framework */; };
		8D11072B0486CEB800E47090 /* InfoPlist.strings in Resources */ = {isa = PBXBuildFile; fileRef = 089C165CFE840E0CC02AAC07 /* InfoPlist.strings */; };
/* End PBXBuildFile section */

/* Begin PBXCopyFilesBuildPhase section */
		002F39FD09D0883400EBEB88 /* Copy Frameworks into .app bundle */ = {
			isa = PBXCopyFilesBuildPhase;
			buildActionMask = 2147483647;
			dstPath = "";
			dstSubfolderSpec = 10;
			files = (
				721B002C204A4861005AF984 /* SDL2.framework in Copy Frameworks into .app bundle */,
			);
			name = "Copy Frameworks into .app bundle";
			runOnlyForDeploymentPostprocessing = 0;
		};
/* End PBXCopyFilesBuildPhase section */

/* Begin PBXFileReference section */
		002F3C0009D093BD00EBEB88 /* OpenGL.framework */ = {isa = PBXFileReference; lastKnownFileType = wrapper.framework; name = OpenGL.framework; path = /System/Library/Frameworks/OpenGL.framework; sourceTree = "<absolute>"; };
		1058C7A1FEA54F0111CA2CBB /* Cocoa.framework */ = {isa = PBXFileReference; lastKnownFileType = wrapper.framework; name = Cocoa.framework; path = /System/Library/Frameworks/Cocoa.framework; sourceTree = "<absolute>"; };
		29B97324FDCFA39411CA2CEA /* AppKit.framework */ = {isa = PBXFileReference; lastKnownFileType = wrapper.framework; name = AppKit.framework; path = /System/Library/Frameworks/AppKit.framework; sourceTree = "<absolute>"; };
		29B97325FDCFA39411CA2CEA /* Foundation.framework */ = {isa = PBXFileReference; lastKnownFileType = wrapper.framework; name = Foundation.framework; path = /System/Library/Frameworks/Foundation.framework; sourceTree = "<absolute>"; };
		7201184423260361004C2532 /* CoreText.framework */ = {isa = PBXFileReference; lastKnownFileType = wrapper.framework; name = CoreText.framework; path = System/Library/Frameworks/CoreText.framework; sourceTree = SDKROOT; };
		7201184623260D93004C2532 /* CoreGraphics.framework */ = {isa = PBXFileReference; lastKnownFileType = wrapper.framework; name = CoreGraphics.framework; path = System/Library/Frameworks/CoreGraphics.framework; sourceTree = SDKROOT; };
		72011848232758ED004C2532 /* font.h */ = {isa = PBXFileReference; lastKnownFileType = sourcecode.c.h; name = font.h; path = ../src/font.h; sourceTree = "<group>"; };
		72011849232758ED004C2532 /* font_osx.m */ = {isa = PBXFileReference; lastKnownFileType = sourcecode.c.objc; name = font_osx.m; path = ../src/font_osx.m; sourceTree = "<group>"; };
		721A006B21AA74E90099D093 /* renderer_types.h */ = {isa = PBXFileReference; lastKnownFileType = sourcecode.c.h; name = renderer_types.h; path = ../src/renderer_types.h; sourceTree = "<group>"; };
		721A006C21AA763B0099D093 /* renderer_gl.h */ = {isa = PBXFileReference; lastKnownFileType = sourcecode.c.h; name = renderer_gl.h; path = ../src/renderer_gl.h; sourceTree = "<group>"; };
		721A006D21AA763B0099D093 /* renderer_gl.c */ = {isa = PBXFileReference; lastKnownFileType = sourcecode.c.c; name = renderer_gl.c; path = ../src/renderer_gl.c; sourceTree = "<group>"; };
		721A006F21AA7B420099D093 /* renderer_metal.h */ = {isa = PBXFileReference; lastKnownFileType = sourcecode.c.h; name = renderer_metal.h; path = ../src/renderer_metal.h; sourceTree = "<group>"; };
		721A007021AA7B420099D093 /* renderer_metal.m */ = {isa = PBXFileReference; lastKnownFileType = sourcecode.c.objc; name = renderer_metal.m; path = ../src/renderer_metal.m; sourceTree = "<group>"; };
		721A007221AA7CBE0099D093 /* Metal.framework */ = {isa = PBXFileReference; lastKnownFileType = wrapper.framework; name = Metal.framework; path = System/Library/Frameworks/Metal.framework; sourceTree = SDKROOT; };
		721A007421AA7D350099D093 /* QuartzCore.framework */ = {isa = PBXFileReference; lastKnownFileType = wrapper.framework; name = QuartzCore.framework; path = System/Library/Frameworks/QuartzCore.framework; sourceTree = SDKROOT; };
		721A007621AB11CC0099D093 /* shaders.metal */ = {isa = PBXFileReference; lastKnownFileType = sourcecode.metal; name = shaders.metal; path = ../src/shaders.metal; sourceTree = "<group>"; };
		721A007821AB96C60099D093 /* metal_indices.h */ = {isa = PBXFileReference; lastKnownFileType = sourcecode.c.h; name = metal_indices.h; path = ../src/metal_indices.h; sourceTree = "<group>"; };
		721B0021204A47C1005AF984 /* SDL2.framework */ = {isa = PBXFileReference; lastKnownFileType = wrapper.framework; name = SDL2.framework; path = Frameworks/SDL2.framework; sourceTree = "<group>"; };
		7272B29C21E5CBEB00C305D3 /* renderer_projection.h */ = {isa = PBXFileReference; lastKnownFileType = sourcecode.c.h; name = renderer_projection.h; path = ../src/renderer_projection.h; sourceTree = "<group>"; };
		7272B29D21E5CBEB00C305D3 /* renderer_projection.c */ = {isa = PBXFileReference; lastKnownFileType = sourcecode.c.c; name = renderer_projection.c; path = ../src/renderer_projection.c; sourceTree = "<group>"; };
		727DAE21235BFFBB0030B29D /* mt_random.h */ = {isa = PBXFileReference; lastKnownFileType = sourcecode.c.h; name = mt_random.h; path = ../src/mt_random.h; sourceTree = "<group>"; };
		727DAE22235BFFBB0030B29D /* mt_random.c */ = {isa = PBXFileReference; lastKnownFileType = sourcecode.c.c; name = mt_random.c; path = ../src/mt_random.c; sourceTree = "<group>"; };
		727DAE24235C10A50030B29D /* quit.h */ = {isa = PBXFileReference; lastKnownFileType = sourcecode.c.h; name = quit.h; path = ../src/quit.h; sourceTree = "<group>"; };
		727DAE25235C10A50030B29D /* quit.c */ = {isa = PBXFileReference; lastKnownFileType = sourcecode.c.c; name = quit.c; path = ../src/quit.c; sourceTree = "<group>"; };
		727DAE27235C1F650030B29D /* time_osx.m */ = {isa = PBXFileReference; fileEncoding = 4; lastKnownFileType = sourcecode.c.objc; name = time_osx.m; path = ../src/time_osx.m; sourceTree = "<group>"; };
		727DAE28235C1F650030B29D /* time.h */ = {isa = PBXFileReference; fileEncoding = 4; lastKnownFileType = sourcecode.c.h; name = time.h; path = ../src/time.h; sourceTree = "<group>"; };
		7282C624231CEC640063D3CB /* audio_osx.m */ = {isa = PBXFileReference; lastKnownFileType = sourcecode.c.objc; name = audio_osx.m; path = ../src/audio_osx.m; sourceTree = "<group>"; };
		7282C626231CEE3C0063D3CB /* AVFoundation.framework */ = {isa = PBXFileReference; lastKnownFileType = wrapper.framework; name = AVFoundation.framework; path = System/Library/Frameworks/AVFoundation.framework; sourceTree = SDKROOT; };
		72A14F1721A5E26200606E14 /* math_3d.h */ = {isa = PBXFileReference; lastKnownFileType = sourcecode.c.h; name = math_3d.h; path = ../src/math_3d.h; sourceTree = "<group>"; };
		72A14F2F21A71C6700606E14 /* renderer.c */ = {isa = PBXFileReference; fileEncoding = 4; lastKnownFileType = sourcecode.c.c; name = renderer.c; path = ../src/renderer.c; sourceTree = "<group>"; };
		72A14F3021A71C6800606E14 /* renderer.h */ = {isa = PBXFileReference; fileEncoding = 4; lastKnownFileType = sourcecode.c.h; name = renderer.h; path = ../src/renderer.h; sourceTree = "<group>"; };
		72B6149322E0305D007B50B9 /* en */ = {isa = PBXFileReference; lastKnownFileType = text.plist.strings; name = en; path = en.lproj/InfoPlist.strings; sourceTree = "<group>"; };
		72BE1BF02257089300E3192A /* SkyCheckers.entitlements */ = {isa = PBXFileReference; lastKnownFileType = text.plist.entitlements; path = SkyCheckers.entitlements; sourceTree = "<group>"; };
		72BE1BF1225708E000E3192A /* container-migration.plist */ = {isa = PBXFileReference; lastKnownFileType = text.plist.xml; path = "container-migration.plist"; sourceTree = "<group>"; };
		770FFA0610B8F465009FD46A /* osx.h */ = {isa = PBXFileReference; fileEncoding = 4; lastKnownFileType = sourcecode.c.h; name = osx.h; path = ../src/osx.h; sourceTree = "<group>"; };
		770FFA0710B8F465009FD46A /* osx.m */ = {isa = PBXFileReference; fileEncoding = 4; lastKnownFileType = sourcecode.c.objc; name = osx.m; path = ../src/osx.m; sourceTree = "<group>"; };
		771B6C9F10BE60320014884B /* sc_icon.icns */ = {isa = PBXFileReference; lastKnownFileType = image.icns; path = sc_icon.icns; sourceTree = "<group>"; };
		772B6A830D15CBA000A216BD /* network.h */ = {isa = PBXFileReference; fileEncoding = 4; lastKnownFileType = sourcecode.c.h; name = network.h; path = ../src/network.h; sourceTree = "<group>"; };
		772B6A840D15CBA000A216BD /* network.c */ = {isa = PBXFileReference; fileEncoding = 4; lastKnownFileType = sourcecode.c.c; name = network.c; path = ../src/network.c; sourceTree = "<group>"; };
		7744BFA00B33736900BD1D5D /* collision.c */ = {isa = PBXFileReference; fileEncoding = 30; lastKnownFileType = sourcecode.c.c; name = collision.c; path = ../src/collision.c; sourceTree = "<group>"; };
		7744BFA10B33736900BD1D5D /* collision.h */ = {isa = PBXFileReference; fileEncoding = 30; lastKnownFileType = sourcecode.c.h; name = collision.h; path = ../src/collision.h; sourceTree = "<group>"; };
		7746869F0B750F7200F73E92 /* animation.h */ = {isa = PBXFileReference; fileEncoding = 4; lastKnownFileType = sourcecode.c.h; name = animation.h; path = ../src/animation.h; sourceTree = "<group>"; };
		774686A00B750F7200F73E92 /* animation.c */ = {isa = PBXFileReference; fileEncoding = 4; lastKnownFileType = sourcecode.c.c; name = animation.c; path = ../src/animation.c; sourceTree = "<group>"; };
		774A441E0B2BEA57000C04D9 /* main.c */ = {isa = PBXFileReference; fileEncoding = 30; lastKnownFileType = sourcecode.c.c; name = main.c; path = ../src/main.c; sourceTree = "<group>"; };
		774A441F0B2BEA57000C04D9 /* maincore.h */ = {isa = PBXFileReference; fileEncoding = 30; lastKnownFileType = sourcecode.c.h; name = maincore.h; path = ../src/maincore.h; sourceTree = "<group>"; };
		774A445E0B2BEB46000C04D9 /* scenery.h */ = {isa = PBXFileReference; fileEncoding = 4; lastKnownFileType = sourcecode.c.h; name = scenery.h; path = ../src/scenery.h; sourceTree = "<group>"; };
		774A445F0B2BEB46000C04D9 /* scenery.c */ = {isa = PBXFileReference; fileEncoding = 4; lastKnownFileType = sourcecode.c.c; name = scenery.c; path = ../src/scenery.c; sourceTree = "<group>"; };
		774A450C0B2BF1FC000C04D9 /* texture.h */ = {isa = PBXFileReference; fileEncoding = 4; lastKnownFileType = sourcecode.c.h; name = texture.h; path = ../src/texture.h; sourceTree = "<group>"; };
		774A450D0B2BF1FC000C04D9 /* texture.c */ = {isa = PBXFileReference; fileEncoding = 4; lastKnownFileType = sourcecode.c.c; name = texture.c; path = ../src/texture.c; sourceTree = "<group>"; };
		774A47430B2C8A7E000C04D9 /* characters.h */ = {isa = PBXFileReference; fileEncoding = 4; lastKnownFileType = sourcecode.c.h; name = characters.h; path = ../src/characters.h; sourceTree = "<group>"; };
		774A47440B2C8A7E000C04D9 /* characters.c */ = {isa = PBXFileReference; fileEncoding = 4; lastKnownFileType = sourcecode.c.c; name = characters.c; path = ../src/characters.c; sourceTree = "<group>"; };
		774F33D60BB48A9A00884B83 /* menu.h */ = {isa = PBXFileReference; fileEncoding = 4; lastKnownFileType = sourcecode.c.h; name = menu.h; path = ../src/menu.h; sourceTree = "<group>"; };
		774F33D70BB48A9A00884B83 /* menu.c */ = {isa = PBXFileReference; fileEncoding = 4; lastKnownFileType = sourcecode.c.c; name = menu.c; path = ../src/menu.c; sourceTree = "<group>"; };
		776592620BA35B4300167AF7 /* text.h */ = {isa = PBXFileReference; fileEncoding = 4; lastKnownFileType = sourcecode.c.h; name = text.h; path = ../src/text.h; sourceTree = "<group>"; };
		776592630BA35B4300167AF7 /* text.c */ = {isa = PBXFileReference; fileEncoding = 4; lastKnownFileType = sourcecode.c.c; name = text.c; path = ../src/text.c; sourceTree = "<group>"; };
		776E48CB0B2E53E100AA3B6F /* input.h */ = {isa = PBXFileReference; fileEncoding = 4; lastKnownFileType = sourcecode.c.h; name = input.h; path = ../src/input.h; sourceTree = "<group>"; };
		776E48CC0B2E53E100AA3B6F /* input.c */ = {isa = PBXFileReference; fileEncoding = 4; lastKnownFileType = sourcecode.c.c; name = input.c; path = ../src/input.c; sourceTree = "<group>"; };
		7781DBC10B7E8E9B003BD7B6 /* weapon.h */ = {isa = PBXFileReference; fileEncoding = 4; lastKnownFileType = sourcecode.c.h; name = weapon.h; path = ../src/weapon.h; sourceTree = "<group>"; };
		7781DBC20B7E8E9B003BD7B6 /* weapon.c */ = {isa = PBXFileReference; fileEncoding = 4; lastKnownFileType = sourcecode.c.c; name = weapon.c; path = ../src/weapon.c; sourceTree = "<group>"; };
		778FA78F0D0656FA002A3C26 /* ai.h */ = {isa = PBXFileReference; fileEncoding = 4; lastKnownFileType = sourcecode.c.h; name = ai.h; path = ../src/ai.h; sourceTree = "<group>"; };
		778FA7900D0656FA002A3C26 /* ai.c */ = {isa = PBXFileReference; fileEncoding = 4; lastKnownFileType = sourcecode.c.c; name = ai.c; path = ../src/ai.c; sourceTree = "<group>"; };
		77C7A2630CFA8C6500295420 /* Data */ = {isa = PBXFileReference; lastKnownFileType = folder; name = Data; path = ../Data; sourceTree = "<group>"; };
		77C7A4FA0CFD292600295420 /* game_menus.h */ = {isa = PBXFileReference; fileEncoding = 4; lastKnownFileType = sourcecode.c.h; name = game_menus.h; path = ../src/game_menus.h; sourceTree = "<group>"; };
		77C7A4FB0CFD292600295420 /* game_menus.c */ = {isa = PBXFileReference; fileEncoding = 4; lastKnownFileType = sourcecode.c.c; name = game_menus.c; path = ../src/game_menus.c; sourceTree = "<group>"; };
		77CBEDE910B3B3EB0006B1BE /* audio.h */ = {isa = PBXFileReference; fileEncoding = 4; lastKnownFileType = sourcecode.c.h; name = audio.h; path = ../src/audio.h; sourceTree = "<group>"; };
		77DC8A500B2FA1DD0080334C /* console.h */ = {isa = PBXFileReference; fileEncoding = 4; lastKnownFileType = sourcecode.c.h; name = console.h; path = ../src/console.h; sourceTree = "<group>"; };
		77DC8A510B2FA1DD0080334C /* console.c */ = {isa = PBXFileReference; fileEncoding = 4; lastKnownFileType = sourcecode.c.c; name = console.c; path = ../src/console.c; sourceTree = "<group>"; };
		8D1107310486CEB800E47090 /* Info.plist */ = {isa = PBXFileReference; fileEncoding = 4; lastKnownFileType = text.plist; path = Info.plist; sourceTree = "<group>"; };
		8D1107320486CEB800E47090 /* SkyCheckers.app */ = {isa = PBXFileReference; explicitFileType = wrapper.application; includeInIndex = 0; path = SkyCheckers.app; sourceTree = BUILT_PRODUCTS_DIR; };
/* End PBXFileReference section */

/* Begin PBXFrameworksBuildPhase section */
		8D11072E0486CEB800E47090 /* Frameworks */ = {
			isa = PBXFrameworksBuildPhase;
			buildActionMask = 2147483647;
			files = (
				7201184723260D93004C2532 /* CoreGraphics.framework in Frameworks */,
				7201184523260361004C2532 /* CoreText.framework in Frameworks */,
				7282C627231CEE3C0063D3CB /* AVFoundation.framework in Frameworks */,
				721A007521AA7D350099D093 /* QuartzCore.framework in Frameworks */,
				721A007321AA7CBE0099D093 /* Metal.framework in Frameworks */,
				002F3C0109D093BD00EBEB88 /* OpenGL.framework in Frameworks */,
				77CCC2B30BA4D374007F9F3A /* Cocoa.framework in Frameworks */,
				721B0022204A47C1005AF984 /* SDL2.framework in Frameworks */,
			);
			runOnlyForDeploymentPostprocessing = 0;
		};
/* End PBXFrameworksBuildPhase section */

/* Begin PBXGroup section */
		1058C7A0FEA54F0111CA2CBB /* Linked Frameworks */ = {
			isa = PBXGroup;
			children = (
				721B0021204A47C1005AF984 /* SDL2.framework */,
				1058C7A1FEA54F0111CA2CBB /* Cocoa.framework */,
				002F3C0009D093BD00EBEB88 /* OpenGL.framework */,
			);
			name = "Linked Frameworks";
			sourceTree = "<group>";
		};
		1058C7A2FEA54F0111CA2CBB /* Other Frameworks */ = {
			isa = PBXGroup;
			children = (
				29B97324FDCFA39411CA2CEA /* AppKit.framework */,
				29B97325FDCFA39411CA2CEA /* Foundation.framework */,
			);
			name = "Other Frameworks";
			sourceTree = "<group>";
		};
		19C28FACFE9D520D11CA2CBB /* Products */ = {
			isa = PBXGroup;
			children = (
				8D1107320486CEB800E47090 /* SkyCheckers.app */,
			);
			name = Products;
			sourceTree = "<group>";
		};
		29B97314FDCFA39411CA2CEA /* SkyCheckers */ = {
			isa = PBXGroup;
			children = (
				72BE1BF02257089300E3192A /* SkyCheckers.entitlements */,
				29B97315FDCFA39411CA2CEA /* Other Sources */,
				29B97317FDCFA39411CA2CEA /* Resources */,
				29B97323FDCFA39411CA2CEA /* Frameworks */,
				19C28FACFE9D520D11CA2CBB /* Products */,
			);
			name = SkyCheckers;
			sourceTree = "<group>";
			usesTabs = 1;
		};
		29B97315FDCFA39411CA2CEA /* Other Sources */ = {
			isa = PBXGroup;
			children = (
				72A14F1721A5E26200606E14 /* math_3d.h */,
				770FFA0610B8F465009FD46A /* osx.h */,
				770FFA0710B8F465009FD46A /* osx.m */,
				774A441F0B2BEA57000C04D9 /* maincore.h */,
				774A441E0B2BEA57000C04D9 /* main.c */,
				77C7A4FA0CFD292600295420 /* game_menus.h */,
				77C7A4FB0CFD292600295420 /* game_menus.c */,
				774A445E0B2BEB46000C04D9 /* scenery.h */,
				774A445F0B2BEB46000C04D9 /* scenery.c */,
				774A47430B2C8A7E000C04D9 /* characters.h */,
				774A47440B2C8A7E000C04D9 /* characters.c */,
				7781DBC10B7E8E9B003BD7B6 /* weapon.h */,
				7781DBC20B7E8E9B003BD7B6 /* weapon.c */,
				7744BFA10B33736900BD1D5D /* collision.h */,
				7744BFA00B33736900BD1D5D /* collision.c */,
				776E48CB0B2E53E100AA3B6F /* input.h */,
				776E48CC0B2E53E100AA3B6F /* input.c */,
				7746869F0B750F7200F73E92 /* animation.h */,
				774686A00B750F7200F73E92 /* animation.c */,
				778FA78F0D0656FA002A3C26 /* ai.h */,
				778FA7900D0656FA002A3C26 /* ai.c */,
				77CBEDE910B3B3EB0006B1BE /* audio.h */,
				7282C624231CEC640063D3CB /* audio_osx.m */,
				772B6A830D15CBA000A216BD /* network.h */,
				772B6A840D15CBA000A216BD /* network.c */,
				77DC8A500B2FA1DD0080334C /* console.h */,
				77DC8A510B2FA1DD0080334C /* console.c */,
				721A006B21AA74E90099D093 /* renderer_types.h */,
				72A14F3021A71C6800606E14 /* renderer.h */,
				72A14F2F21A71C6700606E14 /* renderer.c */,
				721A006C21AA763B0099D093 /* renderer_gl.h */,
				721A006D21AA763B0099D093 /* renderer_gl.c */,
				721A007821AB96C60099D093 /* metal_indices.h */,
				721A006F21AA7B420099D093 /* renderer_metal.h */,
				721A007021AA7B420099D093 /* renderer_metal.m */,
				7272B29C21E5CBEB00C305D3 /* renderer_projection.h */,
				7272B29D21E5CBEB00C305D3 /* renderer_projection.c */,
				721A007621AB11CC0099D093 /* shaders.metal */,
				774A450C0B2BF1FC000C04D9 /* texture.h */,
				774A450D0B2BF1FC000C04D9 /* texture.c */,
				727DAE24235C10A50030B29D /* quit.h */,
				727DAE25235C10A50030B29D /* quit.c */,
				727DAE28235C1F650030B29D /* time.h */,
				727DAE27235C1F650030B29D /* time_osx.m */,
				727DAE21235BFFBB0030B29D /* mt_random.h */,
				727DAE22235BFFBB0030B29D /* mt_random.c */,
				776592620BA35B4300167AF7 /* text.h */,
				776592630BA35B4300167AF7 /* text.c */,
				72011848232758ED004C2532 /* font.h */,
				72011849232758ED004C2532 /* font_osx.m */,
				774F33D60BB48A9A00884B83 /* menu.h */,
				774F33D70BB48A9A00884B83 /* menu.c */,
			);
			name = "Other Sources";
			sourceTree = "<group>";
		};
		29B97317FDCFA39411CA2CEA /* Resources */ = {
			isa = PBXGroup;
			children = (
				771B6C9F10BE60320014884B /* sc_icon.icns */,
				77C7A2630CFA8C6500295420 /* Data */,
				8D1107310486CEB800E47090 /* Info.plist */,
				089C165CFE840E0CC02AAC07 /* InfoPlist.strings */,
				72BE1BF1225708E000E3192A /* container-migration.plist */,
			);
			name = Resources;
			sourceTree = "<group>";
		};
		29B97323FDCFA39411CA2CEA /* Frameworks */ = {
			isa = PBXGroup;
			children = (
				7201184623260D93004C2532 /* CoreGraphics.framework */,
				7201184423260361004C2532 /* CoreText.framework */,
				7282C626231CEE3C0063D3CB /* AVFoundation.framework */,
				721A007421AA7D350099D093 /* QuartzCore.framework */,
				721A007221AA7CBE0099D093 /* Metal.framework */,
				1058C7A0FEA54F0111CA2CBB /* Linked Frameworks */,
				1058C7A2FEA54F0111CA2CBB /* Other Frameworks */,
			);
			name = Frameworks;
			sourceTree = "<group>";
		};
/* End PBXGroup section */

/* Begin PBXNativeTarget section */
		8D1107260486CEB800E47090 /* SkyCheckers */ = {
			isa = PBXNativeTarget;
			buildConfigurationList = C01FCF4A08A954540054247B /* Build configuration list for PBXNativeTarget "SkyCheckers" */;
			buildPhases = (
				8D1107290486CEB800E47090 /* Resources */,
				8D11072C0486CEB800E47090 /* Sources */,
				8D11072E0486CEB800E47090 /* Frameworks */,
				002F39FD09D0883400EBEB88 /* Copy Frameworks into .app bundle */,
			);
			buildRules = (
			);
			dependencies = (
			);
			name = SkyCheckers;
			productInstallPath = "$(HOME)/Applications";
			productName = SkyCheckers;
			productReference = 8D1107320486CEB800E47090 /* SkyCheckers.app */;
			productType = "com.apple.product-type.application";
		};
/* End PBXNativeTarget section */

/* Begin PBXProject section */
		29B97313FDCFA39411CA2CEA /* Project object */ = {
			isa = PBXProject;
			attributes = {
				LastUpgradeCheck = 1100;
				TargetAttributes = {
					8D1107260486CEB800E47090 = {
						SystemCapabilities = {
							com.apple.HardenedRuntime = {
								enabled = 1;
							};
							com.apple.Sandbox = {
								enabled = 1;
							};
						};
					};
				};
			};
			buildConfigurationList = C01FCF4E08A954540054247B /* Build configuration list for PBXProject "SkyCheckers" */;
			compatibilityVersion = "Xcode 2.4";
			developmentRegion = en;
			hasScannedForEncodings = 1;
			knownRegions = (
				en,
				Base,
			);
			mainGroup = 29B97314FDCFA39411CA2CEA /* SkyCheckers */;
			projectDirPath = "";
			projectRoot = "";
			targets = (
				8D1107260486CEB800E47090 /* SkyCheckers */,
			);
		};
/* End PBXProject section */

/* Begin PBXResourcesBuildPhase section */
		8D1107290486CEB800E47090 /* Resources */ = {
			isa = PBXResourcesBuildPhase;
			buildActionMask = 2147483647;
			files = (
				8D11072B0486CEB800E47090 /* InfoPlist.strings in Resources */,
				72BE1BF2225708E000E3192A /* container-migration.plist in Resources */,
				77C7A2640CFA8C6500295420 /* Data in Resources */,
				771B6CA010BE60320014884B /* sc_icon.icns in Resources */,
			);
			runOnlyForDeploymentPostprocessing = 0;
		};
/* End PBXResourcesBuildPhase section */

/* Begin PBXSourcesBuildPhase section */
		8D11072C0486CEB800E47090 /* Sources */ = {
			isa = PBXSourcesBuildPhase;
			buildActionMask = 2147483647;
			files = (
				774A44200B2BEA58000C04D9 /* main.c in Sources */,
				774A44610B2BEB46000C04D9 /* scenery.c in Sources */,
				774A450F0B2BF1FC000C04D9 /* texture.c in Sources */,
				727DAE2A235C1F660030B29D /* time_osx.m in Sources */,
				774A47460B2C8A7E000C04D9 /* characters.c in Sources */,
				776E48CE0B2E53E100AA3B6F /* input.c in Sources */,
				7744BFA40B33736900BD1D5D /* collision.c in Sources */,
				774686A20B750F7200F73E92 /* animation.c in Sources */,
				7781DBC40B7E8E9B003BD7B6 /* weapon.c in Sources */,
				7201184A232758ED004C2532 /* font_osx.m in Sources */,
				776592650BA35B4300167AF7 /* text.c in Sources */,
				727DAE26235C10A50030B29D /* quit.c in Sources */,
				721A006E21AA763B0099D093 /* renderer_gl.c in Sources */,
				77CCC2AF0BA4D36B007F9F3A /* console.c in Sources */,
				774F33D90BB48A9A00884B83 /* menu.c in Sources */,
				7272B29E21E5CBEB00C305D3 /* renderer_projection.c in Sources */,
				721A007721AB11CD0099D093 /* shaders.metal in Sources */,
				77C7A4FC0CFD292600295420 /* game_menus.c in Sources */,
				778FA7910D0656FA002A3C26 /* ai.c in Sources */,
				772B6A850D15CBA000A216BD /* network.c in Sources */,
				72A14F3121A71C6900606E14 /* renderer.c in Sources */,
				721A007121AA7B420099D093 /* renderer_metal.m in Sources */,
				727DAE23235BFFBB0030B29D /* mt_random.c in Sources */,
				7282C625231CEC640063D3CB /* audio_osx.m in Sources */,
				770FFA0810B8F465009FD46A /* osx.m in Sources */,
			);
			runOnlyForDeploymentPostprocessing = 0;
		};
/* End PBXSourcesBuildPhase section */

/* Begin PBXVariantGroup section */
		089C165CFE840E0CC02AAC07 /* InfoPlist.strings */ = {
			isa = PBXVariantGroup;
			children = (
				72B6149322E0305D007B50B9 /* en */,
			);
			name = InfoPlist.strings;
			sourceTree = "<group>";
		};
/* End PBXVariantGroup section */

/* Begin XCBuildConfiguration section */
		728AC40221B3B0AD00F7969D /* Profiling-Release */ = {
			isa = XCBuildConfiguration;
			buildSettings = {
				ALWAYS_SEARCH_USER_PATHS = NO;
				ARCHS = "$(ARCHS_STANDARD_64_BIT)";
				CLANG_ENABLE_OBJC_ARC = YES;
				CLANG_WARN_BLOCK_CAPTURE_AUTORELEASING = YES;
				CLANG_WARN_BOOL_CONVERSION = YES;
				CLANG_WARN_COMMA = YES;
				CLANG_WARN_CONSTANT_CONVERSION = YES;
				CLANG_WARN_DEPRECATED_OBJC_IMPLEMENTATIONS = YES;
				CLANG_WARN_EMPTY_BODY = YES;
				CLANG_WARN_ENUM_CONVERSION = YES;
				CLANG_WARN_INFINITE_RECURSION = YES;
				CLANG_WARN_INT_CONVERSION = YES;
				CLANG_WARN_NON_LITERAL_NULL_CONVERSION = YES;
				CLANG_WARN_OBJC_IMPLICIT_RETAIN_SELF = YES;
				CLANG_WARN_OBJC_LITERAL_CONVERSION = YES;
				CLANG_WARN_RANGE_LOOP_ANALYSIS = YES;
				CLANG_WARN_STRICT_PROTOTYPES = YES;
				CLANG_WARN_SUSPICIOUS_MOVE = YES;
				CLANG_WARN_UNREACHABLE_CODE = YES;
				CLANG_WARN__DUPLICATE_METHOD_MATCH = YES;
				ENABLE_STRICT_OBJC_MSGSEND = YES;
				FRAMEWORK_SEARCH_PATHS = "$(FRAMEWORK_SEARCH_PATHS)";
				GCC_NO_COMMON_BLOCKS = YES;
				GCC_WARN_64_TO_32_BIT_CONVERSION = YES;
				GCC_WARN_ABOUT_RETURN_TYPE = YES;
				GCC_WARN_UNDECLARED_SELECTOR = YES;
				GCC_WARN_UNINITIALIZED_AUTOS = YES;
				GCC_WARN_UNUSED_FUNCTION = YES;
				GCC_WARN_UNUSED_VARIABLE = YES;
				HEADER_SEARCH_PATHS = "$(HEADER_SEARCH_PATHS)";
				MACOSX_DEPLOYMENT_TARGET = 10.7;
				OTHER_LDFLAGS = "";
				SDKROOT = macosx;
				SECTORDER_FLAGS = "";
			};
			name = "Profiling-Release";
		};
		728AC40321B3B0AD00F7969D /* Profiling-Release */ = {
			isa = XCBuildConfiguration;
			buildSettings = {
				CODE_SIGN_ENTITLEMENTS = SkyCheckers.entitlements;
				CODE_SIGN_IDENTITY = "Apple Development";
				DEVELOPMENT_TEAM = ZCK58M894E;
				ENABLE_HARDENED_RUNTIME = YES;
				FRAMEWORK_SEARCH_PATHS = (
					"$(inherited)",
					"$(PROJECT_DIR)/Frameworks",
				);
				GCC_GENERATE_DEBUGGING_SYMBOLS = NO;
				GCC_MODEL_TUNING = G5;
				INFOPLIST_FILE = Info.plist;
				LD_RUNPATH_SEARCH_PATHS = "@executable_path/../Frameworks";
				MTL_ENABLE_DEBUG_INFO = NO;
				MTL_FAST_MATH = YES;
				MTL_LANGUAGE_REVISION = UseDeploymentTarget;
				MTL_OPTIMIZATION_LEVEL = 3;
				OTHER_CFLAGS = "-D_PROFILING";
				PRODUCT_BUNDLE_IDENTIFIER = com.zgcoder.SkyCheckers;
				PRODUCT_NAME = SkyCheckers;
				WARNING_CFLAGS = (
					"-Wall",
					"-Wextra",
					"-Wno-unused-parameter",
					"-Wnewline-eof",
				);
				WRAPPER_EXTENSION = app;
			};
			name = "Profiling-Release";
		};
		C01FCF4B08A954540054247B /* Debug */ = {
			isa = XCBuildConfiguration;
			buildSettings = {
				CODE_SIGN_ENTITLEMENTS = SkyCheckers.entitlements;
				CODE_SIGN_IDENTITY = "-";
				COPY_PHASE_STRIP = NO;
				ENABLE_HARDENED_RUNTIME = NO;
				FRAMEWORK_SEARCH_PATHS = (
					"$(inherited)",
					"$(PROJECT_DIR)/Frameworks",
				);
				GCC_DYNAMIC_NO_PIC = NO;
				GCC_MODEL_TUNING = G5;
				GCC_OPTIMIZATION_LEVEL = 0;
				INFOPLIST_FILE = Info.plist;
				LD_RUNPATH_SEARCH_PATHS = "@executable_path/../Frameworks";
				MTL_ENABLE_DEBUG_INFO = INCLUDE_SOURCE;
				MTL_FAST_MATH = YES;
				MTL_LANGUAGE_REVISION = UseDeploymentTarget;
				MTL_OPTIMIZATION_LEVEL = 0;
				OTHER_CFLAGS = "-D_DEBUG";
				PRODUCT_BUNDLE_IDENTIFIER = com.zgcoder.SkyCheckers;
				PRODUCT_NAME = SkyCheckers;
				RUN_CLANG_STATIC_ANALYZER = NO;
				WARNING_CFLAGS = (
					"-Wall",
					"-Wextra",
					"-Wno-unused-parameter",
					"-Wnewline-eof",
				);
				WRAPPER_EXTENSION = app;
			};
			name = Debug;
		};
		C01FCF4C08A954540054247B /* Release */ = {
			isa = XCBuildConfiguration;
			buildSettings = {
				CODE_SIGN_ENTITLEMENTS = SkyCheckers.entitlements;
				CODE_SIGN_IDENTITY = "Apple Development";
				DEVELOPMENT_TEAM = ZCK58M894E;
				ENABLE_HARDENED_RUNTIME = YES;
				FRAMEWORK_SEARCH_PATHS = (
					"$(inherited)",
					"$(PROJECT_DIR)/Frameworks",
				);
				GCC_GENERATE_DEBUGGING_SYMBOLS = NO;
				GCC_MODEL_TUNING = G5;
				INFOPLIST_FILE = Info.plist;
				LD_RUNPATH_SEARCH_PATHS = "@executable_path/../Frameworks";
				MTL_ENABLE_DEBUG_INFO = NO;
				MTL_FAST_MATH = YES;
				MTL_LANGUAGE_REVISION = UseDeploymentTarget;
				MTL_OPTIMIZATION_LEVEL = 3;
				PRODUCT_BUNDLE_IDENTIFIER = com.zgcoder.SkyCheckers;
				PRODUCT_NAME = SkyCheckers;
				WARNING_CFLAGS = (
					"-Wall",
					"-Wextra",
					"-Wno-unused-parameter",
					"-Wnewline-eof",
				);
				WRAPPER_EXTENSION = app;
			};
			name = Release;
		};
		C01FCF4F08A954540054247B /* Debug */ = {
			isa = XCBuildConfiguration;
			buildSettings = {
				ALWAYS_SEARCH_USER_PATHS = NO;
				ARCHS = "$(ARCHS_STANDARD_64_BIT)";
				CLANG_ENABLE_OBJC_ARC = YES;
				CLANG_WARN_BLOCK_CAPTURE_AUTORELEASING = YES;
				CLANG_WARN_BOOL_CONVERSION = YES;
				CLANG_WARN_COMMA = YES;
				CLANG_WARN_CONSTANT_CONVERSION = YES;
				CLANG_WARN_DEPRECATED_OBJC_IMPLEMENTATIONS = YES;
				CLANG_WARN_EMPTY_BODY = YES;
				CLANG_WARN_ENUM_CONVERSION = YES;
				CLANG_WARN_INFINITE_RECURSION = YES;
				CLANG_WARN_INT_CONVERSION = YES;
				CLANG_WARN_NON_LITERAL_NULL_CONVERSION = YES;
				CLANG_WARN_OBJC_IMPLICIT_RETAIN_SELF = YES;
				CLANG_WARN_OBJC_LITERAL_CONVERSION = YES;
				CLANG_WARN_RANGE_LOOP_ANALYSIS = YES;
				CLANG_WARN_STRICT_PROTOTYPES = YES;
				CLANG_WARN_SUSPICIOUS_MOVE = YES;
				CLANG_WARN_UNREACHABLE_CODE = YES;
				CLANG_WARN__DUPLICATE_METHOD_MATCH = YES;
				ENABLE_STRICT_OBJC_MSGSEND = YES;
				FRAMEWORK_SEARCH_PATHS = "$(FRAMEWORK_SEARCH_PATHS)";
				GCC_NO_COMMON_BLOCKS = YES;
				GCC_WARN_64_TO_32_BIT_CONVERSION = YES;
				GCC_WARN_ABOUT_RETURN_TYPE = YES;
				GCC_WARN_UNDECLARED_SELECTOR = YES;
				GCC_WARN_UNINITIALIZED_AUTOS = YES;
				GCC_WARN_UNUSED_FUNCTION = YES;
				GCC_WARN_UNUSED_VARIABLE = YES;
				HEADER_SEARCH_PATHS = "$(HEADER_SEARCH_PATHS)";
				MACOSX_DEPLOYMENT_TARGET = 10.7;
				OTHER_LDFLAGS = "";
				SDKROOT = macosx;
				ZERO_LINK = NO;
			};
			name = Debug;
		};
		C01FCF5008A954540054247B /* Release */ = {
			isa = XCBuildConfiguration;
			buildSettings = {
				ALWAYS_SEARCH_USER_PATHS = NO;
				ARCHS = "$(ARCHS_STANDARD_64_BIT)";
				CLANG_ENABLE_OBJC_ARC = YES;
				CLANG_WARN_BLOCK_CAPTURE_AUTORELEASING = YES;
				CLANG_WARN_BOOL_CONVERSION = YES;
				CLANG_WARN_COMMA = YES;
				CLANG_WARN_CONSTANT_CONVERSION = YES;
				CLANG_WARN_DEPRECATED_OBJC_IMPLEMENTATIONS = YES;
				CLANG_WARN_EMPTY_BODY = YES;
				CLANG_WARN_ENUM_CONVERSION = YES;
				CLANG_WARN_INFINITE_RECURSION = YES;
				CLANG_WARN_INT_CONVERSION = YES;
				CLANG_WARN_NON_LITERAL_NULL_CONVERSION = YES;
				CLANG_WARN_OBJC_IMPLICIT_RETAIN_SELF = YES;
				CLANG_WARN_OBJC_LITERAL_CONVERSION = YES;
				CLANG_WARN_RANGE_LOOP_ANALYSIS = YES;
				CLANG_WARN_STRICT_PROTOTYPES = YES;
				CLANG_WARN_SUSPICIOUS_MOVE = YES;
				CLANG_WARN_UNREACHABLE_CODE = YES;
				CLANG_WARN__DUPLICATE_METHOD_MATCH = YES;
				ENABLE_STRICT_OBJC_MSGSEND = YES;
				FRAMEWORK_SEARCH_PATHS = "$(FRAMEWORK_SEARCH_PATHS)";
				GCC_NO_COMMON_BLOCKS = YES;
				GCC_WARN_64_TO_32_BIT_CONVERSION = YES;
				GCC_WARN_ABOUT_RETURN_TYPE = YES;
				GCC_WARN_UNDECLARED_SELECTOR = YES;
				GCC_WARN_UNINITIALIZED_AUTOS = YES;
				GCC_WARN_UNUSED_FUNCTION = YES;
				GCC_WARN_UNUSED_VARIABLE = YES;
				HEADER_SEARCH_PATHS = "$(HEADER_SEARCH_PATHS)";
				MACOSX_DEPLOYMENT_TARGET = 10.7;
				OTHER_LDFLAGS = "";
				SDKROOT = macosx;
				SECTORDER_FLAGS = "";
			};
			name = Release;
		};
/* End XCBuildConfiguration section */

/* Begin XCConfigurationList section */
		C01FCF4A08A954540054247B /* Build configuration list for PBXNativeTarget "SkyCheckers" */ = {
			isa = XCConfigurationList;
			buildConfigurations = (
				C01FCF4B08A954540054247B /* Debug */,
				C01FCF4C08A954540054247B /* Release */,
				728AC40321B3B0AD00F7969D /* Profiling-Release */,
			);
			defaultConfigurationIsVisible = 0;
			defaultConfigurationName = Release;
		};
		C01FCF4E08A954540054247B /* Build configuration list for PBXProject "SkyCheckers" */ = {
			isa = XCConfigurationList;
			buildConfigurations = (
				C01FCF4F08A954540054247B /* Debug */,
				C01FCF5008A954540054247B /* Release */,
				728AC40221B3B0AD00F7969D /* Profiling-Release */,
			);
			defaultConfigurationIsVisible = 0;
			defaultConfigurationName = Release;
		};
/* End XCConfigurationList section */
	};
	rootObject = 29B97313FDCFA39411CA2CEA /* Project object */;
}
